<?xml version="1.0" encoding="UTF-8" standalone="yes" ?>
<CodeBlocks_project_file>
	<FileVersion major="1" minor="6" />
	<Project>
		<Option title="tmLQCD" />
		<Option pch_mode="2" />
		<Option compiler="gcc" />
		<Build>
			<Target title="Debug">
				<Option output="bin/Debug/tmLQCD" prefix_auto="1" extension_auto="1" />
				<Option object_output="obj/Debug/" />
				<Option type="1" />
				<Option compiler="gcc" />
				<Compiler>
					<Add option="-g" />
				</Compiler>
			</Target>
			<Target title="Release">
				<Option output="bin/Release/tmLQCD" prefix_auto="1" extension_auto="1" />
				<Option object_output="obj/Release/" />
				<Option type="1" />
				<Option compiler="gcc" />
				<Compiler>
					<Add option="-O2" />
				</Compiler>
				<Linker>
					<Add option="-s" />
				</Linker>
			</Target>
		</Build>
		<Compiler>
			<Add option="-Wall" />
		</Compiler>
		<Unit filename="D_psi.c">
			<Option compilerVar="CC" />
		</Unit>
		<Unit filename="D_psi.h" />
		<Unit filename="Dov_psi.c">
			<Option compilerVar="CC" />
		</Unit>
		<Unit filename="Dov_psi.h" />
		<Unit filename="GPU/cudaglobal.h" />
		<Unit filename="GPU/mixed_solve.h" />
		<Unit filename="Hopping_Matrix.c">
			<Option compilerVar="CC" />
		</Unit>
		<Unit filename="Hopping_Matrix.h" />
		<Unit filename="Hopping_Matrix_nocom.c">
			<Option compilerVar="CC" />
		</Unit>
		<Unit filename="Hopping_Matrix_nocom.h" />
		<Unit filename="Nondegenerate_Matrix.c">
			<Option compilerVar="CC" />
		</Unit>
		<Unit filename="Nondegenerate_Matrix.h" />
		<Unit filename="Ptilde_nd.c">
			<Option compilerVar="CC" />
		</Unit>
		<Unit filename="Ptilde_nd.h" />
		<Unit filename="benchmark.c">
			<Option compilerVar="CC" />
		</Unit>
		<Unit filename="bgl.h" />
		<Unit filename="block.c">
			<Option compilerVar="CC" />
		</Unit>
		<Unit filename="block.h" />
		<Unit filename="boundary.c">
			<Option compilerVar="CC" />
		</Unit>
		<Unit filename="boundary.h" />
		<Unit filename="chebyshev_polynomial.c">
			<Option compilerVar="CC" />
		</Unit>
		<Unit filename="chebyshev_polynomial.h" />
		<Unit filename="chebyshev_polynomial_nd.c">
			<Option compilerVar="CC" />
		</Unit>
		<Unit filename="chebyshev_polynomial_nd.h" />
		<Unit filename="check_locallity.c">
			<Option compilerVar="CC" />
		</Unit>
		<Unit filename="clenshaw_coef.c">
			<Option compilerVar="CC" />
		</Unit>
		<Unit filename="clenshaw_coef.h" />
		<Unit filename="cmalloc.h" />
		<Unit filename="complex.h" />
		<Unit filename="default_input_values.h" />
		<Unit filename="deriv_Sb.c">
			<Option compilerVar="CC" />
		</Unit>
		<Unit filename="deriv_Sb.h" />
		<Unit filename="deriv_Sb_D_psi.c">
			<Option compilerVar="CC" />
		</Unit>
		<Unit filename="deriv_Sb_D_psi.h" />
		<Unit filename="det_monomial.c">
			<Option compilerVar="CC" />
		</Unit>
		<Unit filename="det_monomial.h" />
		<Unit filename="detratio_monomial.c">
			<Option compilerVar="CC" />
		</Unit>
		<Unit filename="detratio_monomial.h" />
		<Unit filename="double2single.c">
			<Option compilerVar="CC" />
		</Unit>
		<Unit filename="eigenvalues_bi.c">
			<Option compilerVar="CC" />
		</Unit>
		<Unit filename="eigenvalues_bi.h" />
		<Unit filename="expo.c">
			<Option compilerVar="CC" />
		</Unit>
		<Unit filename="expo.h" />
		<Unit filename="gamma.c">
			<Option compilerVar="CC" />
		</Unit>
		<Unit filename="gamma.h" />
		<Unit filename="gauge_monomial.c">
			<Option compilerVar="CC" />
		</Unit>
		<Unit filename="gauge_monomial.h" />
		<Unit filename="gen_sources.c">
			<Option compilerVar="CC" />
		</Unit>
		<Unit filename="geometry_eo.c">
			<Option compilerVar="CC" />
		</Unit>
		<Unit filename="geometry_eo.h" />
		<Unit filename="get_rectangle_staples.c">
			<Option compilerVar="CC" />
		</Unit>
		<Unit filename="get_rectangle_staples.h" />
		<Unit filename="get_staples.c">
			<Option compilerVar="CC" />
		</Unit>
		<Unit filename="get_staples.h" />
		<Unit filename="getopt.c">
			<Option compilerVar="CC" />
		</Unit>
		<Unit filename="getopt.h" />
		<Unit filename="global.h" />
		<Unit filename="gwc2ildg.c">
			<Option compilerVar="CC" />
		</Unit>
		<Unit filename="hmc_tm.c">
			<Option compilerVar="CC" />
		</Unit>
		<Unit filename="hopping_test.c">
			<Option compilerVar="CC" />
		</Unit>
		<Unit filename="hybrid_update.c">
			<Option compilerVar="CC" />
		</Unit>
		<Unit filename="hybrid_update.h" />
		<Unit filename="ildg2gwc.c">
			<Option compilerVar="CC" />
		</Unit>
		<Unit filename="init_bispinor_field.c">
			<Option compilerVar="CC" />
		</Unit>
		<Unit filename="init_bispinor_field.h" />
		<Unit filename="init_chi_spinor_field.c">
			<Option compilerVar="CC" />
		</Unit>
		<Unit filename="init_chi_spinor_field.h" />
		<Unit filename="init_dirac_halfspinor.c">
			<Option compilerVar="CC" />
		</Unit>
		<Unit filename="init_dirac_halfspinor.h" />
		<Unit filename="init_gauge_field.c">
			<Option compilerVar="CC" />
		</Unit>
		<Unit filename="init_gauge_field.h" />
		<Unit filename="init_gauge_tmp.c">
			<Option compilerVar="CC" />
		</Unit>
		<Unit filename="init_gauge_tmp.h" />
		<Unit filename="init_geometry_indices.c">
			<Option compilerVar="CC" />
		</Unit>
		<Unit filename="init_geometry_indices.h" />
		<Unit filename="init_moment_field.c">
			<Option compilerVar="CC" />
		</Unit>
		<Unit filename="init_moment_field.h" />
		<Unit filename="init_spinor_field.c">
			<Option compilerVar="CC" />
		</Unit>
		<Unit filename="init_spinor_field.h" />
		<Unit filename="init_stout_smear_vars.c">
			<Option compilerVar="CC" />
		</Unit>
		<Unit filename="init_stout_smear_vars.h" />
		<Unit filename="integrator.c">
			<Option compilerVar="CC" />
		</Unit>
		<Unit filename="integrator.h" />
		<Unit filename="invert.c">
			<Option compilerVar="CC" />
		</Unit>
		<Unit filename="invert_doublet_eo.c">
			<Option compilerVar="CC" />
		</Unit>
		<Unit filename="invert_doublet_eo.h" />
		<Unit filename="invert_eo.c">
			<Option compilerVar="CC" />
		</Unit>
		<Unit filename="invert_eo.h" />
		<Unit filename="invert_overlap.c">
			<Option compilerVar="CC" />
		</Unit>
		<Unit filename="invert_overlap.h" />
		<Unit filename="io/DML_crc32.c">
			<Option compilerVar="CC" />
		</Unit>
		<Unit filename="io/dml.c">
			<Option compilerVar="CC" />
		</Unit>
		<Unit filename="io/dml.h" />
		<Unit filename="io/eospinor.h" />
		<Unit filename="io/eospinor_read.c">
			<Option compilerVar="CC" />
		</Unit>
		<Unit filename="io/eospinor_write.c">
			<Option compilerVar="CC" />
		</Unit>
		<Unit filename="io/gauge.h" />
		<Unit filename="io/gauge_read.c">
			<Option compilerVar="CC" />
		</Unit>
		<Unit filename="io/gauge_read_binary.c">
			<Option compilerVar="CC" />
		</Unit>
		<Unit filename="io/gauge_write.c">
			<Option compilerVar="CC" />
		</Unit>
		<Unit filename="io/gauge_write_binary.c">
			<Option compilerVar="CC" />
		</Unit>
		<Unit filename="io/gauge_write_format.c">
			<Option compilerVar="CC" />
		</Unit>
		<Unit filename="io/io_cm.c">
			<Option compilerVar="CC" />
		</Unit>
		<Unit filename="io/io_cm.h" />
		<Unit filename="io/params.h" />
		<Unit filename="io/params_construct_InverterInfo.c">
			<Option compilerVar="CC" />
		</Unit>
		<Unit filename="io/params_construct_ildgFormat.c">
			<Option compilerVar="CC" />
		</Unit>
		<Unit filename="io/params_construct_propagatorFormat.c">
			<Option compilerVar="CC" />
		</Unit>
		<Unit filename="io/params_construct_sourceFormat.c">
			<Option compilerVar="CC" />
		</Unit>
		<Unit filename="io/params_construct_xlfInfo.c">
			<Option compilerVar="CC" />
		</Unit>
		<Unit filename="io/selector.h" />
		<Unit filename="io/spinor.h" />
		<Unit filename="io/spinor_read.c">
			<Option compilerVar="CC" />
		</Unit>
		<Unit filename="io/spinor_read_binary.c">
			<Option compilerVar="CC" />
		</Unit>
		<Unit filename="io/spinor_write.c">
			<Option compilerVar="CC" />
		</Unit>
		<Unit filename="io/spinor_write_binary.c">
			<Option compilerVar="CC" />
		</Unit>
		<Unit filename="io/spinor_write_info.c">
			<Option compilerVar="CC" />
		</Unit>
		<Unit filename="io/spinor_write_propagator_format.c">
			<Option compilerVar="CC" />
		</Unit>
		<Unit filename="io/spinor_write_propagator_type.c">
			<Option compilerVar="CC" />
		</Unit>
		<Unit filename="io/spinor_write_source_format.c">
			<Option compilerVar="CC" />
		</Unit>
		<Unit filename="io/utils.c">
			<Option compilerVar="CC" />
		</Unit>
		<Unit filename="io/utils.h" />
		<Unit filename="io/utils_close_reader_record.c">
			<Option compilerVar="CC" />
		</Unit>
		<Unit filename="io/utils_close_writer_record.c">
			<Option compilerVar="CC" />
		</Unit>
		<Unit filename="io/utils_construct_reader.c">
			<Option compilerVar="CC" />
		</Unit>
		<Unit filename="io/utils_construct_writer.c">
			<Option compilerVar="CC" />
		</Unit>
		<Unit filename="io/utils_destruct_reader.c">
			<Option compilerVar="CC" />
		</Unit>
		<Unit filename="io/utils_destruct_writer.c">
			<Option compilerVar="CC" />
		</Unit>
		<Unit filename="io/utils_engineering.c">
			<Option compilerVar="CC" />
		</Unit>
		<Unit filename="io/utils_kill_with_error.c">
			<Option compilerVar="CC" />
		</Unit>
		<Unit filename="io/utils_parse_checksum_xml.c">
			<Option compilerVar="CC" />
		</Unit>
		<Unit filename="io/utils_parse_propagator_type.c">
			<Option compilerVar="CC" />
		</Unit>
		<Unit filename="io/utils_read_message.c">
			<Option compilerVar="CC" />
		</Unit>
		<Unit filename="io/utils_write_checksum.c">
			<Option compilerVar="CC" />
		</Unit>
		<Unit filename="io/utils_write_first_message.c">
			<Option compilerVar="CC" />
		</Unit>
		<Unit filename="io/utils_write_header.c">
			<Option compilerVar="CC" />
		</Unit>
		<Unit filename="io/utils_write_inverter_info.c">
			<Option compilerVar="CC" />
		</Unit>
		<Unit filename="io/utils_write_message.c">
			<Option compilerVar="CC" />
		</Unit>
		<Unit filename="io/utils_write_xlf.c">
			<Option compilerVar="CC" />
		</Unit>
		<Unit filename="linalg/add.c">
			<Option compilerVar="CC" />
		</Unit>
		<Unit filename="linalg/add.h" />
		<Unit filename="linalg/assign.c">
			<Option compilerVar="CC" />
		</Unit>
		<Unit filename="linalg/assign.h" />
		<Unit filename="linalg/assign_add_mul.c">
			<Option compilerVar="CC" />
		</Unit>
		<Unit filename="linalg/assign_add_mul.h" />
		<Unit filename="linalg/assign_add_mul_add_mul.c">
			<Option compilerVar="CC" />
		</Unit>
		<Unit filename="linalg/assign_add_mul_add_mul.h" />
		<Unit filename="linalg/assign_add_mul_add_mul_bi.c">
			<Option compilerVar="CC" />
		</Unit>
		<Unit filename="linalg/assign_add_mul_add_mul_bi.h" />
		<Unit filename="linalg/assign_add_mul_add_mul_r.c">
			<Option compilerVar="CC" />
		</Unit>
		<Unit filename="linalg/assign_add_mul_add_mul_r.h" />
		<Unit filename="linalg/assign_add_mul_r.c">
			<Option compilerVar="CC" />
		</Unit>
		<Unit filename="linalg/assign_add_mul_r.h" />
		<Unit filename="linalg/assign_add_mul_r_add_mul.c">
			<Option compilerVar="CC" />
		</Unit>
		<Unit filename="linalg/assign_add_mul_r_add_mul.h" />
		<Unit filename="linalg/assign_add_mul_r_bi.c">
			<Option compilerVar="CC" />
		</Unit>
		<Unit filename="linalg/assign_add_mul_r_bi.h" />
		<Unit filename="linalg/assign_bi.c">
			<Option compilerVar="CC" />
		</Unit>
		<Unit filename="linalg/assign_bi.h" />
		<Unit filename="linalg/assign_diff_mul.c">
			<Option compilerVar="CC" />
		</Unit>
		<Unit filename="linalg/assign_diff_mul.h" />
		<Unit filename="linalg/assign_diff_mul_bi.c">
			<Option compilerVar="CC" />
		</Unit>
		<Unit filename="linalg/assign_diff_mul_bi.h" />
		<Unit filename="linalg/assign_mul_add_mul_add_mul_add_mul_r.c">
			<Option compilerVar="CC" />
		</Unit>
		<Unit filename="linalg/assign_mul_add_mul_add_mul_add_mul_r.h" />
		<Unit filename="linalg/assign_mul_add_mul_add_mul_r.c">
			<Option compilerVar="CC" />
		</Unit>
		<Unit filename="linalg/assign_mul_add_mul_add_mul_r.h" />
		<Unit filename="linalg/assign_mul_add_mul_r.c">
			<Option compilerVar="CC" />
		</Unit>
		<Unit filename="linalg/assign_mul_add_mul_r.h" />
		<Unit filename="linalg/assign_mul_add_r.c">
			<Option compilerVar="CC" />
		</Unit>
		<Unit filename="linalg/assign_mul_add_r.h" />
		<Unit filename="linalg/assign_mul_add_r_bi.c">
			<Option compilerVar="CC" />
		</Unit>
		<Unit filename="linalg/assign_mul_add_r_bi.h" />
		<Unit filename="linalg/assign_mul_bra_add_mul_ket_add.c">
			<Option compilerVar="CC" />
		</Unit>
		<Unit filename="linalg/assign_mul_bra_add_mul_ket_add.h" />
		<Unit filename="linalg/assign_mul_bra_add_mul_ket_add_bi.c">
			<Option compilerVar="CC" />
		</Unit>
		<Unit filename="linalg/assign_mul_bra_add_mul_ket_add_bi.h" />
		<Unit filename="linalg/assign_mul_bra_add_mul_ket_add_r.c">
			<Option compilerVar="CC" />
		</Unit>
		<Unit filename="linalg/assign_mul_bra_add_mul_ket_add_r.h" />
		<Unit filename="linalg/assign_mul_bra_add_mul_r.c">
			<Option compilerVar="CC" />
		</Unit>
		<Unit filename="linalg/assign_mul_bra_add_mul_r.h" />
		<Unit filename="linalg/blas.h" />
		<Unit filename="linalg/comp_decomp.c">
			<Option compilerVar="CC" />
		</Unit>
		<Unit filename="linalg/comp_decomp.h" />
		<Unit filename="linalg/convert_eo_to_lexic.c">
			<Option compilerVar="CC" />
		</Unit>
		<Unit filename="linalg/convert_eo_to_lexic.h" />
		<Unit filename="linalg/diff.c">
			<Option compilerVar="CC" />
		</Unit>
		<Unit filename="linalg/diff.h" />
		<Unit filename="linalg/diff_and_square_norm.c">
			<Option compilerVar="CC" />
		</Unit>
		<Unit filename="linalg/diff_and_square_norm.h" />
		<Unit filename="linalg/diff_bi.c">
			<Option compilerVar="CC" />
		</Unit>
		<Unit filename="linalg/diff_bi.h" />
		<Unit filename="linalg/fortran.h" />
		<Unit filename="linalg/lapack.h" />
		<Unit filename="linalg/map_to_blas.h" />
		<Unit filename="linalg/mattimesvec.c">
			<Option compilerVar="CC" />
		</Unit>
		<Unit filename="linalg/mattimesvec.h" />
		<Unit filename="linalg/mul.c">
			<Option compilerVar="CC" />
		</Unit>
		<Unit filename="linalg/mul.h" />
		<Unit filename="linalg/mul_add_mul.c">
			<Option compilerVar="CC" />
		</Unit>
		<Unit filename="linalg/mul_add_mul.h" />
		<Unit filename="linalg/mul_add_mul_r.c">
			<Option compilerVar="CC" />
		</Unit>
		<Unit filename="linalg/mul_add_mul_r.h" />
		<Unit filename="linalg/mul_diff_mul.c">
			<Option compilerVar="CC" />
		</Unit>
		<Unit filename="linalg/mul_diff_mul.h" />
		<Unit filename="linalg/mul_diff_mul_r.c">
			<Option compilerVar="CC" />
		</Unit>
		<Unit filename="linalg/mul_diff_mul_r.h" />
		<Unit filename="linalg/mul_diff_r.c">
			<Option compilerVar="CC" />
		</Unit>
		<Unit filename="linalg/mul_diff_r.h" />
		<Unit filename="linalg/mul_r.c">
			<Option compilerVar="CC" />
		</Unit>
		<Unit filename="linalg/mul_r.h" />
		<Unit filename="linalg/mul_r_bi.c">
			<Option compilerVar="CC" />
		</Unit>
		<Unit filename="linalg/mul_r_bi.h" />
		<Unit filename="linalg/scalar_prod.c">
			<Option compilerVar="CC" />
		</Unit>
		<Unit filename="linalg/scalar_prod.h" />
		<Unit filename="linalg/scalar_prod_bi.c">
			<Option compilerVar="CC" />
		</Unit>
		<Unit filename="linalg/scalar_prod_bi.h" />
		<Unit filename="linalg/scalar_prod_i.c">
			<Option compilerVar="CC" />
		</Unit>
		<Unit filename="linalg/scalar_prod_i.h" />
		<Unit filename="linalg/scalar_prod_r.c">
			<Option compilerVar="CC" />
		</Unit>
		<Unit filename="linalg/scalar_prod_r.h" />
		<Unit filename="linalg/scalar_prod_r_bi.c">
			<Option compilerVar="CC" />
		</Unit>
		<Unit filename="linalg/scalar_prod_r_bi.h" />
		<Unit filename="linalg/square_and_prod_r.c">
			<Option compilerVar="CC" />
		</Unit>
		<Unit filename="linalg/square_and_prod_r.h" />
		<Unit filename="linalg/square_norm.c">
			<Option compilerVar="CC" />
		</Unit>
		<Unit filename="linalg/square_norm.h" />
		<Unit filename="linalg/square_norm_bi.c">
			<Option compilerVar="CC" />
		</Unit>
		<Unit filename="linalg/square_norm_bi.h" />
		<Unit filename="linalg_eo.h" />
		<Unit filename="linsolve.c">
			<Option compilerVar="CC" />
		</Unit>
		<Unit filename="linsolve.h" />
		<Unit filename="little_D.c">
			<Option compilerVar="CC" />
		</Unit>
		<Unit filename="little_D.h" />
		<Unit filename="max_eigenvalues_bi.c">
			<Option compilerVar="CC" />
		</Unit>
		<Unit filename="max_eigenvalues_bi.h" />
		<Unit filename="measure_rectangles.c">
			<Option compilerVar="CC" />
		</Unit>
		<Unit filename="measure_rectangles.h" />
		<Unit filename="measurements.c">
			<Option compilerVar="CC" />
		</Unit>
		<Unit filename="measurements.h" />
		<Unit filename="monomial.c">
			<Option compilerVar="CC" />
		</Unit>
		<Unit filename="monomial.h" />
		<Unit filename="mpi_init.c">
			<Option compilerVar="CC" />
		</Unit>
		<Unit filename="mpi_init.h" />
		<Unit filename="nddetratio_monomial.c">
			<Option compilerVar="CC" />
		</Unit>
		<Unit filename="nddetratio_monomial.h" />
		<Unit filename="ndpoly_monomial.c">
			<Option compilerVar="CC" />
		</Unit>
		<Unit filename="ndpoly_monomial.h" />
		<Unit filename="observables.c">
			<Option compilerVar="CC" />
		</Unit>
		<Unit filename="observables.h" />
		<Unit filename="online_measurement.c">
			<Option compilerVar="CC" />
		</Unit>
		<Unit filename="online_measurement.h" />
		<Unit filename="operator.c">
			<Option compilerVar="CC" />
		</Unit>
		<Unit filename="operator.h" />
		<Unit filename="operator/halfspinor_bg_dbl.c">
			<Option compilerVar="CC" />
		</Unit>
		<Unit filename="operator/halfspinor_dbl.c">
			<Option compilerVar="CC" />
		</Unit>
		<Unit filename="operator/halfspinor_sse_dbl.c">
			<Option compilerVar="CC" />
		</Unit>
		<Unit filename="operator/hopping_bg_dbl.c">
			<Option compilerVar="CC" />
		</Unit>
		<Unit filename="operator/hopping_dbl.c">
			<Option compilerVar="CC" />
		</Unit>
		<Unit filename="operator/hopping_sgl.c">
			<Option compilerVar="CC" />
		</Unit>
		<Unit filename="operator/hopping_sse_dbl.c">
			<Option compilerVar="CC" />
		</Unit>
		<Unit filename="operator/hopping_sse_sgl.c">
			<Option compilerVar="CC" />
		</Unit>
		<Unit filename="overrelaxation.c">
			<Option compilerVar="CC" />
		</Unit>
		<Unit filename="overrelaxation.h" />
		<Unit filename="parallel_io.h" />
		<Unit filename="phmc.c">
			<Option compilerVar="CC" />
		</Unit>
		<Unit filename="phmc.h" />
		<Unit filename="pion_norm.c">
			<Option compilerVar="CC" />
		</Unit>
		<Unit filename="pion_norm.h" />
		<Unit filename="poly_monomial.c">
			<Option compilerVar="CC" />
		</Unit>
		<Unit filename="poly_monomial.h" />
		<Unit filename="polyakov_loop.c">
			<Option compilerVar="CC" />
		</Unit>
		<Unit filename="polyakov_loop.h" />
		<Unit filename="prepare_source.c">
			<Option compilerVar="CC" />
		</Unit>
		<Unit filename="prepare_source.h" />
		<Unit filename="ranlxd.c">
			<Option compilerVar="CC" />
		</Unit>
		<Unit filename="ranlxd.h" />
		<Unit filename="ranlxs.c">
			<Option compilerVar="CC" />
		</Unit>
		<Unit filename="ranlxs.h" />
		<Unit filename="read_input.c">
			<Option compilerVar="CC" />
		</Unit>
		<Unit filename="read_input.h" />
		<Unit filename="reducenoise.c">
			<Option compilerVar="CC" />
		</Unit>
		<Unit filename="reweighting_factor.c">
			<Option compilerVar="CC" />
		</Unit>
		<Unit filename="reweighting_factor.h" />
		<Unit filename="reweighting_factor_nd.c">
			<Option compilerVar="CC" />
		</Unit>
		<Unit filename="reweighting_factor_nd.h" />
		<Unit filename="sample-input/chebyRoot.H" />
		<Unit filename="sf_calc_action.c">
			<Option compilerVar="CC" />
		</Unit>
		<Unit filename="sf_calc_action.h" />
		<Unit filename="sf_gauge_monomial.c">
			<Option compilerVar="CC" />
		</Unit>
		<Unit filename="sf_gauge_monomial.h" />
		<Unit filename="sf_get_rectangle_staples.c">
			<Option compilerVar="CC" />
		</Unit>
		<Unit filename="sf_get_rectangle_staples.h" />
		<Unit filename="sf_get_staples.c">
			<Option compilerVar="CC" />
		</Unit>
		<Unit filename="sf_get_staples.h" />
		<Unit filename="sf_observables.c">
			<Option compilerVar="CC" />
		</Unit>
		<Unit filename="sf_observables.h" />
		<Unit filename="sf_utils.c">
			<Option compilerVar="CC" />
		</Unit>
		<Unit filename="sf_utils.h" />
		<Unit filename="sighandler.c">
			<Option compilerVar="CC" />
		</Unit>
		<Unit filename="sighandler.h" />
		<Unit filename="single2double.c">
			<Option compilerVar="CC" />
		</Unit>
		<Unit filename="solver/Msap.c">
			<Option compilerVar="CC" />
		</Unit>
		<Unit filename="solver/Msap.h" />
		<Unit filename="solver/bicgstab2.c">
			<Option compilerVar="CC" />
		</Unit>
		<Unit filename="solver/bicgstab2.h" />
		<Unit filename="solver/bicgstab_complex.c">
			<Option compilerVar="CC" />
		</Unit>
		<Unit filename="solver/bicgstab_complex.h" />
		<Unit filename="solver/bicgstab_complex_bi.c">
			<Option compilerVar="CC" />
		</Unit>
		<Unit filename="solver/bicgstab_complex_bi.h" />
		<Unit filename="solver/bicgstabell.c">
			<Option compilerVar="CC" />
		</Unit>
		<Unit filename="solver/bicgstabell.h" />
		<Unit filename="solver/cg_her.c">
			<Option compilerVar="CC" />
		</Unit>
		<Unit filename="solver/cg_her.h" />
		<Unit filename="solver/cg_her_bi.c">
			<Option compilerVar="CC" />
		</Unit>
		<Unit filename="solver/cg_her_bi.h" />
		<Unit filename="solver/cg_her_nd.c">
			<Option compilerVar="CC" />
		</Unit>
		<Unit filename="solver/cg_her_nd.h" />
		<Unit filename="solver/cg_mms_tm.c">
			<Option compilerVar="CC" />
		</Unit>
		<Unit filename="solver/cg_mms_tm.h" />
		<Unit filename="solver/cgs_real.c">
			<Option compilerVar="CC" />
		</Unit>
		<Unit filename="solver/cgs_real.h" />
		<Unit filename="solver/chrono_guess.c">
			<Option compilerVar="CC" />
		</Unit>
		<Unit filename="solver/chrono_guess.h" />
		<Unit filename="solver/dfl_projector.c">
			<Option compilerVar="CC" />
		</Unit>
		<Unit filename="solver/dfl_projector.h" />
		<Unit filename="solver/diagonalise_general_matrix.c">
			<Option compilerVar="CC" />
		</Unit>
		<Unit filename="solver/diagonalise_general_matrix.h" />
		<Unit filename="solver/eigenvalues.c">
			<Option compilerVar="CC" />
		</Unit>
		<Unit filename="solver/eigenvalues.h" />
		<Unit filename="solver/fgmres.c">
			<Option compilerVar="CC" />
		</Unit>
		<Unit filename="solver/fgmres.h" />
		<Unit filename="solver/gcr.c">
			<Option compilerVar="CC" />
		</Unit>
		<Unit filename="solver/gcr.h" />
		<Unit filename="solver/gcr4complex.c">
			<Option compilerVar="CC" />
		</Unit>
		<Unit filename="solver/gcr4complex.h" />
		<Unit filename="solver/generate_dfl_subspace.c">
			<Option compilerVar="CC" />
		</Unit>
		<Unit filename="solver/generate_dfl_subspace.h" />
		<Unit filename="solver/gggcr.c">
			<Option compilerVar="CC" />
		</Unit>
		<Unit filename="solver/gmres.c">
			<Option compilerVar="CC" />
		</Unit>
		<Unit filename="solver/gmres.h" />
		<Unit filename="solver/gmres_dr.c">
			<Option compilerVar="CC" />
		</Unit>
		<Unit filename="solver/gmres_dr.h" />
		<Unit filename="solver/gmres_precon.c">
			<Option compilerVar="CC" />
		</Unit>
		<Unit filename="solver/gmres_precon.h" />
		<Unit filename="solver/gram-schmidt.c">
			<Option compilerVar="CC" />
		</Unit>
		<Unit filename="solver/gram-schmidt.h" />
		<Unit filename="solver/gram-schmidt_bi.c">
			<Option compilerVar="CC" />
		</Unit>
		<Unit filename="solver/gram-schmidt_bi.h" />
		<Unit filename="solver/jdher.c">
			<Option compilerVar="CC" />
		</Unit>
		<Unit filename="solver/jdher.h" />
		<Unit filename="solver/jdher_bi.c">
			<Option compilerVar="CC" />
		</Unit>
		<Unit filename="solver/jdher_bi.h" />
		<Unit filename="solver/lu_solve.c">
			<Option compilerVar="CC" />
		</Unit>
		<Unit filename="solver/lu_solve.h" />
		<Unit filename="solver/matrix_mult_typedef.h" />
		<Unit filename="solver/matrix_mult_typedef_bi.h" />
		<Unit filename="solver/matrix_mult_typedef_nd.h" />
		<Unit filename="solver/mixed_cg_her.c">
			<Option compilerVar="CC" />
		</Unit>
		<Unit filename="solver/mixed_cg_her.h" />
		<Unit filename="solver/mr.c">
			<Option compilerVar="CC" />
		</Unit>
		<Unit filename="solver/mr.h" />
		<Unit filename="solver/pcg_her.c">
			<Option compilerVar="CC" />
		</Unit>
		<Unit filename="solver/pcg_her.h" />
		<Unit filename="solver/pjdher_bi.c">
			<Option compilerVar="CC" />
		</Unit>
		<Unit filename="solver/pjdher_bi.h" />
		<Unit filename="solver/poly_precon.c">
			<Option compilerVar="CC" />
		</Unit>
		<Unit filename="solver/poly_precon.h" />
		<Unit filename="solver/quicksort.c">
			<Option compilerVar="CC" />
		</Unit>
		<Unit filename="solver/quicksort.h" />
		<Unit filename="solver/solver.h" />
		<Unit filename="solver/solver_field.c">
			<Option compilerVar="CC" />
		</Unit>
		<Unit filename="solver/solver_field.h" />
		<Unit filename="solver/sub_low_ev.c">
			<Option compilerVar="CC" />
		</Unit>
		<Unit filename="solver/sub_low_ev.h" />
		<Unit filename="solver/sumr.c">
			<Option compilerVar="CC" />
		</Unit>
		<Unit filename="solver/sumr.h" />
		<Unit filename="source_generation.c">
			<Option compilerVar="CC" />
		</Unit>
		<Unit filename="source_generation.h" />
		<Unit filename="sse.h" />
		<Unit filename="sse3.h" />
		<Unit filename="sse_32.h" />
		<Unit filename="start.c">
			<Option compilerVar="CC" />
		</Unit>
		<Unit filename="start.h" />
		<Unit filename="stout_smear.c">
			<Option compilerVar="CC" />
		</Unit>
		<Unit filename="stout_smear.h" />
		<Unit filename="stout_smear_force.c">
			<Option compilerVar="CC" />
		</Unit>
		<Unit filename="stout_smear_force.h" />
		<Unit filename="su3.h" />
		<Unit filename="su3adj.h" />
		<Unit filename="su3spinor.h" />
		<Unit filename="test/check_geometry.c">
			<Option compilerVar="CC" />
		</Unit>
		<Unit filename="test/check_geometry.h" />
		<Unit filename="test/check_nan.c">
			<Option compilerVar="CC" />
		</Unit>
		<Unit filename="test/check_nan.h" />
		<Unit filename="test/check_overlap.c">
			<Option compilerVar="CC" />
		</Unit>
		<Unit filename="test/check_xchange.c">
			<Option compilerVar="CC" />
		</Unit>
		<Unit filename="test/hybrid_update.debug.c">
			<Option compilerVar="CC" />
		</Unit>
		<Unit filename="test/measure_rectangles.debug.c">
			<Option compilerVar="CC" />
		</Unit>
		<Unit filename="test/overlaptests.c">
			<Option compilerVar="CC" />
		</Unit>
		<Unit filename="test/overlaptests.h" />
		<Unit filename="test/qdran64.h" />
		<Unit filename="test/scalar_prod_r_test.c">
			<Option compilerVar="CC" />
		</Unit>
		<Unit filename="test/test_eigenvalues.c">
			<Option compilerVar="CC" />
		</Unit>
		<Unit filename="test_lemon.c">
			<Option compilerVar="CC" />
		</Unit>
		<Unit filename="tm_operators.c">
			<Option compilerVar="CC" />
		</Unit>
		<Unit filename="tm_operators.h" />
		<Unit filename="tran.c">
			<Option compilerVar="CC" />
		</Unit>
		<Unit filename="update_backward_gauge.c">
			<Option compilerVar="CC" />
		</Unit>
		<Unit filename="update_backward_gauge.h" />
		<Unit filename="update_momenta.c">
			<Option compilerVar="CC" />
		</Unit>
		<Unit filename="update_momenta.h" />
		<Unit filename="update_tm.c">
			<Option compilerVar="CC" />
		</Unit>
		<Unit filename="update_tm.h" />
		<Unit filename="util/io.c">
			<Option compilerVar="CC" />
		</Unit>
		<Unit filename="util/io.h" />
		<Unit filename="util/laguer/chebyRoot.C">
			<Option compilerVar="CC" />
		</Unit>
		<Unit filename="util/laguer/chebyRoot.H" />
		<Unit filename="util/laguer/laguer.c">
			<Option compilerVar="CC" />
		</Unit>
		<Unit filename="util/laguer/quadroptRoot.C">
			<Option compilerVar="CC" />
		</Unit>
		<Unit filename="util/main_ildg2uk.c">
			<Option compilerVar="CC" />
		</Unit>
		<Unit filename="util/oox/oox.c">
			<Option compilerVar="CC" />
		</Unit>
		<Unit filename="util/oox/oox_gawrapper.cxx" />
		<Unit filename="util/oox/oox_gawrapper.h" />
		<Unit filename="util/swapendian.c">
			<Option compilerVar="CC" />
		</Unit>
		<Unit filename="xchange.h" />
		<Unit filename="xchange_2fields.c">
			<Option compilerVar="CC" />
		</Unit>
		<Unit filename="xchange_2fields.h" />
		<Unit filename="xchange_deri.c">
			<Option compilerVar="CC" />
		</Unit>
		<Unit filename="xchange_deri.h" />
		<Unit filename="xchange_field.c">
			<Option compilerVar="CC" />
		</Unit>
		<Unit filename="xchange_field.h" />
		<Unit filename="xchange_field_tslice.c">
			<Option compilerVar="CC" />
		</Unit>
		<Unit filename="xchange_field_tslice.h" />
		<Unit filename="xchange_gauge.c">
			<Option compilerVar="CC" />
		</Unit>
		<Unit filename="xchange_gauge.h" />
		<Unit filename="xchange_halffield.c">
			<Option compilerVar="CC" />
		</Unit>
		<Unit filename="xchange_halffield.h" />
		<Unit filename="xchange_lexicfield.c">
			<Option compilerVar="CC" />
		</Unit>
		<Unit filename="xchange_lexicfield.h" />
		<Unit filename="xlc_prefetch.h" />
		<Extensions>
			<code_completion />
			<envvars />
			<debugger />
		</Extensions>
	</Project>
</CodeBlocks_project_file>
