<?xml version="1.0" encoding="UTF-8" standalone="yes" ?>
<CodeBlocks_project_file>
	<FileVersion major="1" minor="6" />
	<Project>
		<Option title="tmLQCD" />
		<Option makefile_is_custom="1" />
		<Option pch_mode="2" />
		<Option compiler="gcc" />
		<Build>
			<Target title="hmc_tm">
				<Option output="hmc_tm" prefix_auto="1" extension_auto="1" />
				<Option type="1" />
				<Option compiler="gcc" />
				<Option use_console_runner="0" />
			</Target>
			<Target title="benchmark">
				<Option output="benchmark" prefix_auto="1" extension_auto="1" />
				<Option type="1" />
				<Option compiler="gcc" />
				<Option use_console_runner="0" />
			</Target>
		</Build>
		<Compiler>
			<Add option="-Wall" />
		</Compiler>
		<Unit filename="D_psi.c">
			<Option compilerVar="CC" />
			<Option target="&lt;{~None~}&gt;" />
		</Unit>
		<Unit filename="D_psi.h">
			<Option target="&lt;{~None~}&gt;" />
		</Unit>
		<Unit filename="Dov_psi.c">
			<Option compilerVar="CC" />
			<Option target="&lt;{~None~}&gt;" />
		</Unit>
		<Unit filename="Dov_psi.h">
			<Option target="&lt;{~None~}&gt;" />
		</Unit>
		<Unit filename="GPU/cudaglobal.h">
			<Option target="&lt;{~None~}&gt;" />
		</Unit>
		<Unit filename="GPU/mixed_solve.h">
			<Option target="&lt;{~None~}&gt;" />
		</Unit>
		<Unit filename="Hopping_Matrix.c">
			<Option compilerVar="CC" />
			<Option target="&lt;{~None~}&gt;" />
		</Unit>
		<Unit filename="Hopping_Matrix.h">
			<Option target="&lt;{~None~}&gt;" />
		</Unit>
		<Unit filename="Hopping_Matrix_nocom.c">
			<Option compilerVar="CC" />
			<Option target="&lt;{~None~}&gt;" />
		</Unit>
		<Unit filename="Hopping_Matrix_nocom.h">
			<Option target="&lt;{~None~}&gt;" />
		</Unit>
		<Unit filename="Hopping_Matrix_omp.c">
			<Option compilerVar="CC" />
		</Unit>
		<Unit filename="Hopping_unopt.c">
			<Option compilerVar="CC" />
		</Unit>
		<Unit filename="Hopping_unopt.h" />
		<Unit filename="Nondegenerate_Matrix.c">
			<Option compilerVar="CC" />
			<Option target="&lt;{~None~}&gt;" />
		</Unit>
		<Unit filename="Nondegenerate_Matrix.h">
			<Option target="&lt;{~None~}&gt;" />
		</Unit>
		<Unit filename="Ptilde_nd.c">
			<Option compilerVar="CC" />
			<Option target="&lt;{~None~}&gt;" />
		</Unit>
		<Unit filename="Ptilde_nd.h">
			<Option target="&lt;{~None~}&gt;" />
		</Unit>
		<Unit filename="benchmark.c">
			<Option compilerVar="CC" />
			<Option target="&lt;{~None~}&gt;" />
		</Unit>
		<Unit filename="bgl.h">
			<Option target="&lt;{~None~}&gt;" />
		</Unit>
		<Unit filename="block.c">
			<Option compilerVar="CC" />
			<Option target="&lt;{~None~}&gt;" />
		</Unit>
		<Unit filename="block.h">
			<Option target="&lt;{~None~}&gt;" />
		</Unit>
		<Unit filename="boundary.c">
			<Option compilerVar="CC" />
			<Option target="&lt;{~None~}&gt;" />
		</Unit>
		<Unit filename="boundary.h">
			<Option target="&lt;{~None~}&gt;" />
		</Unit>
		<Unit filename="chebyshev_polynomial.c">
			<Option compilerVar="CC" />
			<Option target="&lt;{~None~}&gt;" />
		</Unit>
		<Unit filename="chebyshev_polynomial.h">
			<Option target="&lt;{~None~}&gt;" />
		</Unit>
		<Unit filename="chebyshev_polynomial_nd.c">
			<Option compilerVar="CC" />
			<Option target="&lt;{~None~}&gt;" />
		</Unit>
		<Unit filename="chebyshev_polynomial_nd.h">
			<Option target="&lt;{~None~}&gt;" />
		</Unit>
		<Unit filename="check_locallity.c">
			<Option compilerVar="CC" />
			<Option target="&lt;{~None~}&gt;" />
		</Unit>
		<Unit filename="clenshaw_coef.c">
			<Option compilerVar="CC" />
			<Option target="&lt;{~None~}&gt;" />
		</Unit>
		<Unit filename="clenshaw_coef.h">
			<Option target="&lt;{~None~}&gt;" />
		</Unit>
		<Unit filename="cmalloc.h">
			<Option target="&lt;{~None~}&gt;" />
		</Unit>
		<Unit filename="complex_struct.h">
			<Option target="&lt;{~None~}&gt;" />
		</Unit>
		<Unit filename="config.h" />
		<Unit filename="default_input_values.h">
			<Option target="&lt;{~None~}&gt;" />
		</Unit>
		<Unit filename="deriv_Sb.c">
			<Option compilerVar="CC" />
			<Option target="&lt;{~None~}&gt;" />
		</Unit>
		<Unit filename="deriv_Sb.h">
			<Option target="&lt;{~None~}&gt;" />
		</Unit>
		<Unit filename="deriv_Sb_D_psi.c">
			<Option compilerVar="CC" />
			<Option target="&lt;{~None~}&gt;" />
		</Unit>
		<Unit filename="deriv_Sb_D_psi.h">
			<Option target="&lt;{~None~}&gt;" />
		</Unit>
		<Unit filename="det_monomial.c">
			<Option compilerVar="CC" />
			<Option target="&lt;{~None~}&gt;" />
		</Unit>
		<Unit filename="det_monomial.h">
			<Option target="&lt;{~None~}&gt;" />
		</Unit>
		<Unit filename="detratio_monomial.c">
			<Option compilerVar="CC" />
			<Option target="&lt;{~None~}&gt;" />
		</Unit>
		<Unit filename="detratio_monomial.h">
			<Option target="&lt;{~None~}&gt;" />
		</Unit>
		<Unit filename="double2single.c">
			<Option compilerVar="CC" />
			<Option target="&lt;{~None~}&gt;" />
		</Unit>
		<Unit filename="eigenvalues_bi.c">
			<Option compilerVar="CC" />
			<Option target="&lt;{~None~}&gt;" />
		</Unit>
		<Unit filename="eigenvalues_bi.h">
			<Option target="&lt;{~None~}&gt;" />
		</Unit>
		<Unit filename="expo.c">
			<Option compilerVar="CC" />
			<Option target="&lt;{~None~}&gt;" />
		</Unit>
		<Unit filename="expo.h">
			<Option target="&lt;{~None~}&gt;" />
		</Unit>
		<Unit filename="gamma.c">
			<Option compilerVar="CC" />
			<Option target="&lt;{~None~}&gt;" />
		</Unit>
		<Unit filename="gamma.h">
			<Option target="&lt;{~None~}&gt;" />
		</Unit>
		<Unit filename="gauge_monomial.c">
			<Option compilerVar="CC" />
			<Option target="&lt;{~None~}&gt;" />
		</Unit>
		<Unit filename="gauge_monomial.h">
			<Option target="&lt;{~None~}&gt;" />
		</Unit>
		<Unit filename="gen_sources.c">
			<Option compilerVar="CC" />
			<Option target="&lt;{~None~}&gt;" />
		</Unit>
		<Unit filename="geometry_eo.c">
			<Option compilerVar="CC" />
			<Option target="&lt;{~None~}&gt;" />
		</Unit>
		<Unit filename="geometry_eo.h">
			<Option target="&lt;{~None~}&gt;" />
		</Unit>
		<Unit filename="get_rectangle_staples.c">
			<Option compilerVar="CC" />
			<Option target="&lt;{~None~}&gt;" />
		</Unit>
		<Unit filename="get_rectangle_staples.h">
			<Option target="&lt;{~None~}&gt;" />
		</Unit>
		<Unit filename="get_staples.c">
			<Option compilerVar="CC" />
			<Option target="&lt;{~None~}&gt;" />
		</Unit>
		<Unit filename="get_staples.h">
			<Option target="&lt;{~None~}&gt;" />
		</Unit>
		<Unit filename="getopt.c">
			<Option compilerVar="CC" />
			<Option target="&lt;{~None~}&gt;" />
		</Unit>
		<Unit filename="getopt.h">
			<Option target="&lt;{~None~}&gt;" />
		</Unit>
		<Unit filename="global.c">
			<Option compilerVar="CC" />
			<Option target="&lt;{~None~}&gt;" />
		</Unit>
		<Unit filename="global.h">
			<Option target="&lt;{~None~}&gt;" />
		</Unit>
		<Unit filename="gwc2ildg.c">
			<Option compilerVar="CC" />
			<Option target="&lt;{~None~}&gt;" />
		</Unit>
		<Unit filename="hmc_tm.c">
			<Option compilerVar="CC" />
			<Option target="&lt;{~None~}&gt;" />
		</Unit>
		<Unit filename="hopping_test.c">
			<Option compilerVar="CC" />
			<Option target="&lt;{~None~}&gt;" />
		</Unit>
		<Unit filename="hybrid_update.c">
			<Option compilerVar="CC" />
			<Option target="&lt;{~None~}&gt;" />
		</Unit>
		<Unit filename="hybrid_update.h">
			<Option target="&lt;{~None~}&gt;" />
		</Unit>
		<Unit filename="ildg2gwc.c">
			<Option compilerVar="CC" />
			<Option target="&lt;{~None~}&gt;" />
		</Unit>
		<Unit filename="init_bispinor_field.c">
			<Option compilerVar="CC" />
			<Option target="&lt;{~None~}&gt;" />
		</Unit>
		<Unit filename="init_bispinor_field.h">
			<Option target="&lt;{~None~}&gt;" />
		</Unit>
		<Unit filename="init_chi_spinor_field.c">
			<Option compilerVar="CC" />
			<Option target="&lt;{~None~}&gt;" />
		</Unit>
		<Unit filename="init_chi_spinor_field.h">
			<Option target="&lt;{~None~}&gt;" />
		</Unit>
		<Unit filename="init_dirac_halfspinor.c">
			<Option compilerVar="CC" />
			<Option target="&lt;{~None~}&gt;" />
		</Unit>
		<Unit filename="init_dirac_halfspinor.h">
			<Option target="&lt;{~None~}&gt;" />
		</Unit>
		<Unit filename="init_gauge_field.c">
			<Option compilerVar="CC" />
			<Option target="&lt;{~None~}&gt;" />
		</Unit>
		<Unit filename="init_gauge_field.h">
			<Option target="&lt;{~None~}&gt;" />
		</Unit>
		<Unit filename="init_gauge_tmp.c">
			<Option compilerVar="CC" />
			<Option target="&lt;{~None~}&gt;" />
		</Unit>
		<Unit filename="init_gauge_tmp.h">
			<Option target="&lt;{~None~}&gt;" />
		</Unit>
		<Unit filename="init_geometry_indices.c">
			<Option compilerVar="CC" />
			<Option target="&lt;{~None~}&gt;" />
		</Unit>
		<Unit filename="init_geometry_indices.h">
			<Option target="&lt;{~None~}&gt;" />
		</Unit>
		<Unit filename="init_moment_field.c">
			<Option compilerVar="CC" />
			<Option target="&lt;{~None~}&gt;" />
		</Unit>
		<Unit filename="init_moment_field.h">
			<Option target="&lt;{~None~}&gt;" />
		</Unit>
		<Unit filename="init_spinor_field.c">
			<Option compilerVar="CC" />
			<Option target="&lt;{~None~}&gt;" />
		</Unit>
		<Unit filename="init_spinor_field.h">
			<Option target="&lt;{~None~}&gt;" />
		</Unit>
		<Unit filename="init_stout_smear_vars.c">
			<Option compilerVar="CC" />
			<Option target="&lt;{~None~}&gt;" />
		</Unit>
		<Unit filename="init_stout_smear_vars.h">
			<Option target="&lt;{~None~}&gt;" />
		</Unit>
		<Unit filename="integrator.c">
			<Option compilerVar="CC" />
			<Option target="&lt;{~None~}&gt;" />
		</Unit>
		<Unit filename="integrator.h">
			<Option target="&lt;{~None~}&gt;" />
		</Unit>
		<Unit filename="invert.c">
			<Option compilerVar="CC" />
			<Option target="&lt;{~None~}&gt;" />
		</Unit>
		<Unit filename="invert_doublet_eo.c">
			<Option compilerVar="CC" />
			<Option target="&lt;{~None~}&gt;" />
		</Unit>
		<Unit filename="invert_doublet_eo.h">
			<Option target="&lt;{~None~}&gt;" />
		</Unit>
		<Unit filename="invert_eo.c">
			<Option compilerVar="CC" />
			<Option target="&lt;{~None~}&gt;" />
		</Unit>
		<Unit filename="invert_eo.h">
			<Option target="&lt;{~None~}&gt;" />
		</Unit>
		<Unit filename="invert_overlap.c">
			<Option compilerVar="CC" />
			<Option target="&lt;{~None~}&gt;" />
		</Unit>
		<Unit filename="invert_overlap.h">
			<Option target="&lt;{~None~}&gt;" />
		</Unit>
		<Unit filename="io/DML_crc32.c">
			<Option compilerVar="CC" />
			<Option target="&lt;{~None~}&gt;" />
		</Unit>
		<Unit filename="io/dml.c">
			<Option compilerVar="CC" />
			<Option target="&lt;{~None~}&gt;" />
		</Unit>
		<Unit filename="io/dml.h">
			<Option target="&lt;{~None~}&gt;" />
		</Unit>
		<Unit filename="io/eospinor.h">
			<Option target="&lt;{~None~}&gt;" />
		</Unit>
		<Unit filename="io/eospinor_read.c">
			<Option compilerVar="CC" />
			<Option target="&lt;{~None~}&gt;" />
		</Unit>
		<Unit filename="io/eospinor_write.c">
			<Option compilerVar="CC" />
			<Option target="&lt;{~None~}&gt;" />
		</Unit>
		<Unit filename="io/gauge.h">
			<Option target="&lt;{~None~}&gt;" />
		</Unit>
		<Unit filename="io/gauge_read.c">
			<Option compilerVar="CC" />
			<Option target="&lt;{~None~}&gt;" />
		</Unit>
		<Unit filename="io/gauge_read_binary.c">
			<Option compilerVar="CC" />
			<Option target="&lt;{~None~}&gt;" />
		</Unit>
		<Unit filename="io/gauge_write.c">
			<Option compilerVar="CC" />
			<Option target="&lt;{~None~}&gt;" />
		</Unit>
		<Unit filename="io/gauge_write_binary.c">
			<Option compilerVar="CC" />
			<Option target="&lt;{~None~}&gt;" />
		</Unit>
		<Unit filename="io/gauge_write_format.c">
			<Option compilerVar="CC" />
			<Option target="&lt;{~None~}&gt;" />
		</Unit>
		<Unit filename="io/io_cm.c">
			<Option compilerVar="CC" />
			<Option target="&lt;{~None~}&gt;" />
		</Unit>
		<Unit filename="io/io_cm.h">
			<Option target="&lt;{~None~}&gt;" />
		</Unit>
		<Unit filename="io/params.h">
			<Option target="&lt;{~None~}&gt;" />
		</Unit>
		<Unit filename="io/params_construct_InverterInfo.c">
			<Option compilerVar="CC" />
			<Option target="&lt;{~None~}&gt;" />
		</Unit>
		<Unit filename="io/params_construct_ildgFormat.c">
			<Option compilerVar="CC" />
			<Option target="&lt;{~None~}&gt;" />
		</Unit>
		<Unit filename="io/params_construct_propagatorFormat.c">
			<Option compilerVar="CC" />
			<Option target="&lt;{~None~}&gt;" />
		</Unit>
		<Unit filename="io/params_construct_sourceFormat.c">
			<Option compilerVar="CC" />
			<Option target="&lt;{~None~}&gt;" />
		</Unit>
		<Unit filename="io/params_construct_xlfInfo.c">
			<Option compilerVar="CC" />
			<Option target="&lt;{~None~}&gt;" />
		</Unit>
		<Unit filename="io/selector.h">
			<Option target="&lt;{~None~}&gt;" />
		</Unit>
		<Unit filename="io/spinor.h">
			<Option target="&lt;{~None~}&gt;" />
		</Unit>
		<Unit filename="io/spinor_read.c">
			<Option compilerVar="CC" />
			<Option target="&lt;{~None~}&gt;" />
		</Unit>
		<Unit filename="io/spinor_read_binary.c">
			<Option compilerVar="CC" />
			<Option target="&lt;{~None~}&gt;" />
		</Unit>
		<Unit filename="io/spinor_write.c">
			<Option compilerVar="CC" />
			<Option target="&lt;{~None~}&gt;" />
		</Unit>
		<Unit filename="io/spinor_write_binary.c">
			<Option compilerVar="CC" />
			<Option target="&lt;{~None~}&gt;" />
		</Unit>
		<Unit filename="io/spinor_write_info.c">
			<Option compilerVar="CC" />
			<Option target="&lt;{~None~}&gt;" />
		</Unit>
		<Unit filename="io/spinor_write_propagator_format.c">
			<Option compilerVar="CC" />
			<Option target="&lt;{~None~}&gt;" />
		</Unit>
		<Unit filename="io/spinor_write_propagator_type.c">
			<Option compilerVar="CC" />
			<Option target="&lt;{~None~}&gt;" />
		</Unit>
		<Unit filename="io/spinor_write_source_format.c">
			<Option compilerVar="CC" />
			<Option target="&lt;{~None~}&gt;" />
		</Unit>
		<Unit filename="io/utils.c">
			<Option compilerVar="CC" />
			<Option target="&lt;{~None~}&gt;" />
		</Unit>
		<Unit filename="io/utils.h">
			<Option target="&lt;{~None~}&gt;" />
		</Unit>
		<Unit filename="io/utils_close_reader_record.c">
			<Option compilerVar="CC" />
			<Option target="&lt;{~None~}&gt;" />
		</Unit>
		<Unit filename="io/utils_close_writer_record.c">
			<Option compilerVar="CC" />
			<Option target="&lt;{~None~}&gt;" />
		</Unit>
		<Unit filename="io/utils_construct_reader.c">
			<Option compilerVar="CC" />
			<Option target="&lt;{~None~}&gt;" />
		</Unit>
		<Unit filename="io/utils_construct_writer.c">
			<Option compilerVar="CC" />
			<Option target="&lt;{~None~}&gt;" />
		</Unit>
		<Unit filename="io/utils_destruct_reader.c">
			<Option compilerVar="CC" />
			<Option target="&lt;{~None~}&gt;" />
		</Unit>
		<Unit filename="io/utils_destruct_writer.c">
			<Option compilerVar="CC" />
			<Option target="&lt;{~None~}&gt;" />
		</Unit>
		<Unit filename="io/utils_engineering.c">
			<Option compilerVar="CC" />
			<Option target="&lt;{~None~}&gt;" />
		</Unit>
		<Unit filename="io/utils_kill_with_error.c">
			<Option compilerVar="CC" />
			<Option target="&lt;{~None~}&gt;" />
		</Unit>
		<Unit filename="io/utils_parse_checksum_xml.c">
			<Option compilerVar="CC" />
			<Option target="&lt;{~None~}&gt;" />
		</Unit>
		<Unit filename="io/utils_parse_propagator_type.c">
			<Option compilerVar="CC" />
			<Option target="&lt;{~None~}&gt;" />
		</Unit>
		<Unit filename="io/utils_read_message.c">
			<Option compilerVar="CC" />
			<Option target="&lt;{~None~}&gt;" />
		</Unit>
		<Unit filename="io/utils_write_checksum.c">
			<Option compilerVar="CC" />
			<Option target="&lt;{~None~}&gt;" />
		</Unit>
		<Unit filename="io/utils_write_first_message.c">
			<Option compilerVar="CC" />
			<Option target="&lt;{~None~}&gt;" />
		</Unit>
		<Unit filename="io/utils_write_header.c">
			<Option compilerVar="CC" />
			<Option target="&lt;{~None~}&gt;" />
		</Unit>
		<Unit filename="io/utils_write_inverter_info.c">
			<Option compilerVar="CC" />
			<Option target="&lt;{~None~}&gt;" />
		</Unit>
		<Unit filename="io/utils_write_message.c">
			<Option compilerVar="CC" />
			<Option target="&lt;{~None~}&gt;" />
		</Unit>
		<Unit filename="io/utils_write_xlf.c">
			<Option compilerVar="CC" />
			<Option target="&lt;{~None~}&gt;" />
		</Unit>
		<Unit filename="lemon/include/config.h">
			<Option target="&lt;{~None~}&gt;" />
		</Unit>
		<Unit filename="lemon/include/lemon.h">
			<Option target="&lt;{~None~}&gt;" />
		</Unit>
		<Unit filename="lemon/include/lemon_binheader.h">
			<Option target="&lt;{~None~}&gt;" />
		</Unit>
		<Unit filename="lemon/include/lemon_defines.h">
			<Option target="&lt;{~None~}&gt;" />
		</Unit>
		<Unit filename="lemon/include/lemon_header.h">
			<Option target="&lt;{~None~}&gt;" />
		</Unit>
		<Unit filename="lemon/include/lemon_reader.h">
			<Option target="&lt;{~None~}&gt;" />
		</Unit>
		<Unit filename="lemon/include/lemon_writer.h">
			<Option target="&lt;{~None~}&gt;" />
		</Unit>
		<Unit filename="lemon/src/header_construct.c">
			<Option compilerVar="CC" />
			<Option target="&lt;{~None~}&gt;" />
		</Unit>
		<Unit filename="lemon/src/header_destroy.c">
			<Option compilerVar="CC" />
			<Option target="&lt;{~None~}&gt;" />
		</Unit>
		<Unit filename="lemon/src/reader_EOM.c">
			<Option compilerVar="CC" />
			<Option target="&lt;{~None~}&gt;" />
		</Unit>
		<Unit filename="lemon/src/reader_MBFlag.c">
			<Option compilerVar="CC" />
			<Option target="&lt;{~None~}&gt;" />
		</Unit>
		<Unit filename="lemon/src/reader_MEFlag.c">
			<Option compilerVar="CC" />
			<Option target="&lt;{~None~}&gt;" />
		</Unit>
		<Unit filename="lemon/src/reader_bytes.c">
			<Option compilerVar="CC" />
			<Option target="&lt;{~None~}&gt;" />
		</Unit>
		<Unit filename="lemon/src/reader_closeRecord.c">
			<Option compilerVar="CC" />
			<Option target="&lt;{~None~}&gt;" />
		</Unit>
		<Unit filename="lemon/src/reader_construct.c">
			<Option compilerVar="CC" />
			<Option target="&lt;{~None~}&gt;" />
		</Unit>
		<Unit filename="lemon/src/reader_destroy.c">
			<Option compilerVar="CC" />
			<Option target="&lt;{~None~}&gt;" />
		</Unit>
		<Unit filename="lemon/src/reader_finishReading.c">
			<Option compilerVar="CC" />
			<Option target="&lt;{~None~}&gt;" />
		</Unit>
		<Unit filename="lemon/src/reader_getPointer.c">
			<Option compilerVar="CC" />
			<Option target="&lt;{~None~}&gt;" />
		</Unit>
		<Unit filename="lemon/src/reader_latticeParallel.c">
			<Option compilerVar="CC" />
			<Option target="&lt;{~None~}&gt;" />
		</Unit>
		<Unit filename="lemon/src/reader_latticeParallelMapped.c">
			<Option compilerVar="CC" />
			<Option target="&lt;{~None~}&gt;" />
		</Unit>
		<Unit filename="lemon/src/reader_latticeParallelNonBlocking.c">
			<Option compilerVar="CC" />
			<Option target="&lt;{~None~}&gt;" />
		</Unit>
		<Unit filename="lemon/src/reader_latticeParallelNonBlockingMapped.c">
			<Option compilerVar="CC" />
			<Option target="&lt;{~None~}&gt;" />
		</Unit>
		<Unit filename="lemon/src/reader_nextRecord.c">
			<Option compilerVar="CC" />
			<Option target="&lt;{~None~}&gt;" />
		</Unit>
		<Unit filename="lemon/src/reader_padBytes.c">
			<Option compilerVar="CC" />
			<Option target="&lt;{~None~}&gt;" />
		</Unit>
		<Unit filename="lemon/src/reader_readData.c">
			<Option compilerVar="CC" />
			<Option target="&lt;{~None~}&gt;" />
		</Unit>
		<Unit filename="lemon/src/reader_readDataNonBlocking.c">
			<Option compilerVar="CC" />
			<Option target="&lt;{~None~}&gt;" />
		</Unit>
		<Unit filename="lemon/src/reader_seek.c">
			<Option compilerVar="CC" />
			<Option target="&lt;{~None~}&gt;" />
		</Unit>
		<Unit filename="lemon/src/reader_setPointer.c">
			<Option compilerVar="CC" />
			<Option target="&lt;{~None~}&gt;" />
		</Unit>
		<Unit filename="lemon/src/reader_setState.c">
			<Option compilerVar="CC" />
			<Option target="&lt;{~None~}&gt;" />
		</Unit>
		<Unit filename="lemon/src/reader_type.c">
			<Option compilerVar="CC" />
			<Option target="&lt;{~None~}&gt;" />
		</Unit>
		<Unit filename="lemon/src/writer_closeRecord.c">
			<Option compilerVar="CC" />
			<Option target="&lt;{~None~}&gt;" />
		</Unit>
		<Unit filename="lemon/src/writer_construct.c">
			<Option compilerVar="CC" />
			<Option target="&lt;{~None~}&gt;" />
		</Unit>
		<Unit filename="lemon/src/writer_destroy.c">
			<Option compilerVar="CC" />
			<Option target="&lt;{~None~}&gt;" />
		</Unit>
		<Unit filename="lemon/src/writer_finishWriting.c">
			<Option compilerVar="CC" />
			<Option target="&lt;{~None~}&gt;" />
		</Unit>
		<Unit filename="lemon/src/writer_latticeParallel.c">
			<Option compilerVar="CC" />
			<Option target="&lt;{~None~}&gt;" />
		</Unit>
		<Unit filename="lemon/src/writer_latticeParallelMapped.c">
			<Option compilerVar="CC" />
			<Option target="&lt;{~None~}&gt;" />
		</Unit>
		<Unit filename="lemon/src/writer_latticeParallelNonBlocking.c">
			<Option compilerVar="CC" />
			<Option target="&lt;{~None~}&gt;" />
		</Unit>
		<Unit filename="lemon/src/writer_latticeParallelNonBlockingMapped.c">
			<Option compilerVar="CC" />
			<Option target="&lt;{~None~}&gt;" />
		</Unit>
		<Unit filename="lemon/src/writer_recordData.c">
			<Option compilerVar="CC" />
			<Option target="&lt;{~None~}&gt;" />
		</Unit>
		<Unit filename="lemon/src/writer_recordDataNonBlocking.c">
			<Option compilerVar="CC" />
			<Option target="&lt;{~None~}&gt;" />
		</Unit>
		<Unit filename="lemon/src/writer_recordHeader.c">
			<Option compilerVar="CC" />
			<Option target="&lt;{~None~}&gt;" />
		</Unit>
		<Unit filename="lemon/src/writer_seek.c">
			<Option compilerVar="CC" />
			<Option target="&lt;{~None~}&gt;" />
		</Unit>
		<Unit filename="lemon/src/writer_setState.c">
			<Option compilerVar="CC" />
			<Option target="&lt;{~None~}&gt;" />
		</Unit>
		<Unit filename="lemon/test/canonical.c">
			<Option compilerVar="CC" />
			<Option target="&lt;{~None~}&gt;" />
		</Unit>
		<Unit filename="lemon/test/cast.c">
			<Option compilerVar="CC" />
			<Option target="&lt;{~None~}&gt;" />
		</Unit>
		<Unit filename="lemon/test/lemon_contents.c">
			<Option compilerVar="CC" />
			<Option target="&lt;{~None~}&gt;" />
		</Unit>
		<Unit filename="lemon/test/nfstalker.c">
			<Option compilerVar="CC" />
			<Option target="&lt;{~None~}&gt;" />
		</Unit>
		<Unit filename="lemon/test/parallel.c">
			<Option compilerVar="CC" />
			<Option target="&lt;{~None~}&gt;" />
		</Unit>
		<Unit filename="lemon/test/parallel_non_blocking.c">
			<Option compilerVar="CC" />
			<Option target="&lt;{~None~}&gt;" />
		</Unit>
		<Unit filename="lemon/test/sizes.c">
			<Option compilerVar="CC" />
			<Option target="&lt;{~None~}&gt;" />
		</Unit>
		<Unit filename="lemon/test/xlf.c">
			<Option compilerVar="CC" />
			<Option target="&lt;{~None~}&gt;" />
		</Unit>
		<Unit filename="lemon/test/xlf_non_blocking.c">
			<Option compilerVar="CC" />
			<Option target="&lt;{~None~}&gt;" />
		</Unit>
		<Unit filename="lime/examples/lime_contents.c">
			<Option compilerVar="CC" />
			<Option target="&lt;{~None~}&gt;" />
		</Unit>
		<Unit filename="lime/examples/lime_extract_record.c">
			<Option compilerVar="CC" />
			<Option target="&lt;{~None~}&gt;" />
		</Unit>
		<Unit filename="lime/examples/lime_extract_type.c">
			<Option compilerVar="CC" />
			<Option target="&lt;{~None~}&gt;" />
		</Unit>
		<Unit filename="lime/examples/lime_pack.c">
			<Option compilerVar="CC" />
			<Option target="&lt;{~None~}&gt;" />
		</Unit>
		<Unit filename="lime/examples/lime_unpack.c">
			<Option compilerVar="CC" />
			<Option target="&lt;{~None~}&gt;" />
		</Unit>
		<Unit filename="lime/examples/lime_writer_test1.c">
			<Option compilerVar="CC" />
			<Option target="&lt;{~None~}&gt;" />
		</Unit>
		<Unit filename="lime/include/dcap-overload.h">
			<Option target="&lt;{~None~}&gt;" />
		</Unit>
		<Unit filename="lime/include/lime.h">
			<Option target="&lt;{~None~}&gt;" />
		</Unit>
		<Unit filename="lime/include/lime_binary_header.h">
			<Option target="&lt;{~None~}&gt;" />
		</Unit>
		<Unit filename="lime/include/lime_config.h">
			<Option target="&lt;{~None~}&gt;" />
		</Unit>
		<Unit filename="lime/include/lime_defs.h">
			<Option target="&lt;{~None~}&gt;" />
		</Unit>
		<Unit filename="lime/include/lime_fixed_types.h">
			<Option target="&lt;{~None~}&gt;" />
		</Unit>
		<Unit filename="lime/include/lime_fseeko.h">
			<Option target="&lt;{~None~}&gt;" />
		</Unit>
		<Unit filename="lime/include/lime_header.h">
			<Option target="&lt;{~None~}&gt;" />
		</Unit>
		<Unit filename="lime/include/lime_reader.h">
			<Option target="&lt;{~None~}&gt;" />
		</Unit>
		<Unit filename="lime/include/lime_utils.h">
			<Option target="&lt;{~None~}&gt;" />
		</Unit>
		<Unit filename="lime/include/lime_writer.h">
			<Option target="&lt;{~None~}&gt;" />
		</Unit>
		<Unit filename="lime/lib/lime_fseeko.c">
			<Option compilerVar="CC" />
			<Option target="&lt;{~None~}&gt;" />
		</Unit>
		<Unit filename="lime/lib/lime_header.c">
			<Option compilerVar="CC" />
			<Option target="&lt;{~None~}&gt;" />
		</Unit>
		<Unit filename="lime/lib/lime_reader.c">
			<Option compilerVar="CC" />
			<Option target="&lt;{~None~}&gt;" />
		</Unit>
		<Unit filename="lime/lib/lime_utils.c">
			<Option compilerVar="CC" />
			<Option target="&lt;{~None~}&gt;" />
		</Unit>
		<Unit filename="lime/lib/lime_writer.c">
			<Option compilerVar="CC" />
			<Option target="&lt;{~None~}&gt;" />
		</Unit>
		<Unit filename="linalg/add.c">
			<Option compilerVar="CC" />
			<Option target="&lt;{~None~}&gt;" />
		</Unit>
		<Unit filename="linalg/add.h">
			<Option target="&lt;{~None~}&gt;" />
		</Unit>
		<Unit filename="linalg/assign.c">
			<Option compilerVar="CC" />
			<Option target="&lt;{~None~}&gt;" />
		</Unit>
		<Unit filename="linalg/assign.h">
			<Option target="&lt;{~None~}&gt;" />
		</Unit>
		<Unit filename="linalg/assign_add_mul.c">
			<Option compilerVar="CC" />
			<Option target="&lt;{~None~}&gt;" />
		</Unit>
		<Unit filename="linalg/assign_add_mul.h">
			<Option target="&lt;{~None~}&gt;" />
		</Unit>
		<Unit filename="linalg/assign_add_mul_add_mul.c">
			<Option compilerVar="CC" />
			<Option target="&lt;{~None~}&gt;" />
		</Unit>
		<Unit filename="linalg/assign_add_mul_add_mul.h">
			<Option target="&lt;{~None~}&gt;" />
		</Unit>
		<Unit filename="linalg/assign_add_mul_add_mul_bi.c">
			<Option compilerVar="CC" />
			<Option target="&lt;{~None~}&gt;" />
		</Unit>
		<Unit filename="linalg/assign_add_mul_add_mul_bi.h">
			<Option target="&lt;{~None~}&gt;" />
		</Unit>
		<Unit filename="linalg/assign_add_mul_add_mul_r.c">
			<Option compilerVar="CC" />
			<Option target="&lt;{~None~}&gt;" />
		</Unit>
		<Unit filename="linalg/assign_add_mul_add_mul_r.h">
			<Option target="&lt;{~None~}&gt;" />
		</Unit>
		<Unit filename="linalg/assign_add_mul_r.c">
			<Option compilerVar="CC" />
			<Option target="&lt;{~None~}&gt;" />
		</Unit>
		<Unit filename="linalg/assign_add_mul_r.h">
			<Option target="&lt;{~None~}&gt;" />
		</Unit>
		<Unit filename="linalg/assign_add_mul_r_add_mul.c">
			<Option compilerVar="CC" />
			<Option target="&lt;{~None~}&gt;" />
		</Unit>
		<Unit filename="linalg/assign_add_mul_r_add_mul.h">
			<Option target="&lt;{~None~}&gt;" />
		</Unit>
		<Unit filename="linalg/assign_add_mul_r_bi.c">
			<Option compilerVar="CC" />
			<Option target="&lt;{~None~}&gt;" />
		</Unit>
		<Unit filename="linalg/assign_add_mul_r_bi.h">
			<Option target="&lt;{~None~}&gt;" />
		</Unit>
		<Unit filename="linalg/assign_bi.c">
			<Option compilerVar="CC" />
			<Option target="&lt;{~None~}&gt;" />
		</Unit>
		<Unit filename="linalg/assign_bi.h">
			<Option target="&lt;{~None~}&gt;" />
		</Unit>
		<Unit filename="linalg/assign_diff_mul.c">
			<Option compilerVar="CC" />
			<Option target="&lt;{~None~}&gt;" />
		</Unit>
		<Unit filename="linalg/assign_diff_mul.h">
			<Option target="&lt;{~None~}&gt;" />
		</Unit>
		<Unit filename="linalg/assign_diff_mul_bi.c">
			<Option compilerVar="CC" />
			<Option target="&lt;{~None~}&gt;" />
		</Unit>
		<Unit filename="linalg/assign_diff_mul_bi.h">
			<Option target="&lt;{~None~}&gt;" />
		</Unit>
		<Unit filename="linalg/assign_mul_add_mul_add_mul_add_mul_r.c">
			<Option compilerVar="CC" />
			<Option target="&lt;{~None~}&gt;" />
		</Unit>
		<Unit filename="linalg/assign_mul_add_mul_add_mul_add_mul_r.h">
			<Option target="&lt;{~None~}&gt;" />
		</Unit>
		<Unit filename="linalg/assign_mul_add_mul_add_mul_r.c">
			<Option compilerVar="CC" />
			<Option target="&lt;{~None~}&gt;" />
		</Unit>
		<Unit filename="linalg/assign_mul_add_mul_add_mul_r.h">
			<Option target="&lt;{~None~}&gt;" />
		</Unit>
		<Unit filename="linalg/assign_mul_add_mul_r.c">
			<Option compilerVar="CC" />
			<Option target="&lt;{~None~}&gt;" />
		</Unit>
		<Unit filename="linalg/assign_mul_add_mul_r.h">
			<Option target="&lt;{~None~}&gt;" />
		</Unit>
		<Unit filename="linalg/assign_mul_add_r.c">
			<Option compilerVar="CC" />
			<Option target="&lt;{~None~}&gt;" />
		</Unit>
		<Unit filename="linalg/assign_mul_add_r.h">
			<Option target="&lt;{~None~}&gt;" />
		</Unit>
		<Unit filename="linalg/assign_mul_add_r_bi.c">
			<Option compilerVar="CC" />
			<Option target="&lt;{~None~}&gt;" />
		</Unit>
		<Unit filename="linalg/assign_mul_add_r_bi.h">
			<Option target="&lt;{~None~}&gt;" />
		</Unit>
		<Unit filename="linalg/assign_mul_bra_add_mul_ket_add.c">
			<Option compilerVar="CC" />
			<Option target="&lt;{~None~}&gt;" />
		</Unit>
		<Unit filename="linalg/assign_mul_bra_add_mul_ket_add.h">
			<Option target="&lt;{~None~}&gt;" />
		</Unit>
		<Unit filename="linalg/assign_mul_bra_add_mul_ket_add_bi.c">
			<Option compilerVar="CC" />
			<Option target="&lt;{~None~}&gt;" />
		</Unit>
		<Unit filename="linalg/assign_mul_bra_add_mul_ket_add_bi.h">
			<Option target="&lt;{~None~}&gt;" />
		</Unit>
		<Unit filename="linalg/assign_mul_bra_add_mul_ket_add_r.c">
			<Option compilerVar="CC" />
			<Option target="&lt;{~None~}&gt;" />
		</Unit>
		<Unit filename="linalg/assign_mul_bra_add_mul_ket_add_r.h">
			<Option target="&lt;{~None~}&gt;" />
		</Unit>
		<Unit filename="linalg/assign_mul_bra_add_mul_r.c">
			<Option compilerVar="CC" />
			<Option target="&lt;{~None~}&gt;" />
		</Unit>
		<Unit filename="linalg/assign_mul_bra_add_mul_r.h">
			<Option target="&lt;{~None~}&gt;" />
		</Unit>
		<Unit filename="linalg/blas.h">
			<Option target="&lt;{~None~}&gt;" />
		</Unit>
		<Unit filename="linalg/comp_decomp.c">
			<Option compilerVar="CC" />
			<Option target="&lt;{~None~}&gt;" />
		</Unit>
		<Unit filename="linalg/comp_decomp.h">
			<Option target="&lt;{~None~}&gt;" />
		</Unit>
		<Unit filename="linalg/convert_eo_to_lexic.c">
			<Option compilerVar="CC" />
			<Option target="&lt;{~None~}&gt;" />
		</Unit>
		<Unit filename="linalg/convert_eo_to_lexic.h">
			<Option target="&lt;{~None~}&gt;" />
		</Unit>
		<Unit filename="linalg/diff.c">
			<Option compilerVar="CC" />
			<Option target="&lt;{~None~}&gt;" />
		</Unit>
		<Unit filename="linalg/diff.h">
			<Option target="&lt;{~None~}&gt;" />
		</Unit>
		<Unit filename="linalg/diff_and_square_norm.c">
			<Option compilerVar="CC" />
			<Option target="&lt;{~None~}&gt;" />
		</Unit>
		<Unit filename="linalg/diff_and_square_norm.h">
			<Option target="&lt;{~None~}&gt;" />
		</Unit>
		<Unit filename="linalg/diff_bi.c">
			<Option compilerVar="CC" />
			<Option target="&lt;{~None~}&gt;" />
		</Unit>
		<Unit filename="linalg/diff_bi.h">
			<Option target="&lt;{~None~}&gt;" />
		</Unit>
		<Unit filename="linalg/fortran.h">
			<Option target="&lt;{~None~}&gt;" />
		</Unit>
		<Unit filename="linalg/lapack.h">
			<Option target="&lt;{~None~}&gt;" />
		</Unit>
		<Unit filename="linalg/map_to_blas.h">
			<Option target="&lt;{~None~}&gt;" />
		</Unit>
		<Unit filename="linalg/mattimesvec.c">
			<Option compilerVar="CC" />
			<Option target="&lt;{~None~}&gt;" />
		</Unit>
		<Unit filename="linalg/mattimesvec.h">
			<Option target="&lt;{~None~}&gt;" />
		</Unit>
		<Unit filename="linalg/mul.c">
			<Option compilerVar="CC" />
			<Option target="&lt;{~None~}&gt;" />
		</Unit>
		<Unit filename="linalg/mul.h">
			<Option target="&lt;{~None~}&gt;" />
		</Unit>
		<Unit filename="linalg/mul_add_mul.c">
			<Option compilerVar="CC" />
			<Option target="&lt;{~None~}&gt;" />
		</Unit>
		<Unit filename="linalg/mul_add_mul.h">
			<Option target="&lt;{~None~}&gt;" />
		</Unit>
		<Unit filename="linalg/mul_add_mul_r.c">
			<Option compilerVar="CC" />
			<Option target="&lt;{~None~}&gt;" />
		</Unit>
		<Unit filename="linalg/mul_add_mul_r.h">
			<Option target="&lt;{~None~}&gt;" />
		</Unit>
		<Unit filename="linalg/mul_diff_mul.c">
			<Option compilerVar="CC" />
			<Option target="&lt;{~None~}&gt;" />
		</Unit>
		<Unit filename="linalg/mul_diff_mul.h">
			<Option target="&lt;{~None~}&gt;" />
		</Unit>
		<Unit filename="linalg/mul_diff_mul_r.c">
			<Option compilerVar="CC" />
			<Option target="&lt;{~None~}&gt;" />
		</Unit>
		<Unit filename="linalg/mul_diff_mul_r.h">
			<Option target="&lt;{~None~}&gt;" />
		</Unit>
		<Unit filename="linalg/mul_diff_r.c">
			<Option compilerVar="CC" />
			<Option target="&lt;{~None~}&gt;" />
		</Unit>
		<Unit filename="linalg/mul_diff_r.h">
			<Option target="&lt;{~None~}&gt;" />
		</Unit>
		<Unit filename="linalg/mul_r.c">
			<Option compilerVar="CC" />
			<Option target="&lt;{~None~}&gt;" />
		</Unit>
		<Unit filename="linalg/mul_r.h">
			<Option target="&lt;{~None~}&gt;" />
		</Unit>
		<Unit filename="linalg/mul_r_bi.c">
			<Option compilerVar="CC" />
			<Option target="&lt;{~None~}&gt;" />
		</Unit>
		<Unit filename="linalg/mul_r_bi.h">
			<Option target="&lt;{~None~}&gt;" />
		</Unit>
		<Unit filename="linalg/scalar_prod.c">
			<Option compilerVar="CC" />
			<Option target="&lt;{~None~}&gt;" />
		</Unit>
		<Unit filename="linalg/scalar_prod.h">
			<Option target="&lt;{~None~}&gt;" />
		</Unit>
		<Unit filename="linalg/scalar_prod_bi.c">
			<Option compilerVar="CC" />
			<Option target="&lt;{~None~}&gt;" />
		</Unit>
		<Unit filename="linalg/scalar_prod_bi.h">
			<Option target="&lt;{~None~}&gt;" />
		</Unit>
		<Unit filename="linalg/scalar_prod_i.c">
			<Option compilerVar="CC" />
			<Option target="&lt;{~None~}&gt;" />
		</Unit>
		<Unit filename="linalg/scalar_prod_i.h">
			<Option target="&lt;{~None~}&gt;" />
		</Unit>
		<Unit filename="linalg/scalar_prod_r.c">
			<Option compilerVar="CC" />
			<Option target="&lt;{~None~}&gt;" />
		</Unit>
		<Unit filename="linalg/scalar_prod_r.h">
			<Option target="&lt;{~None~}&gt;" />
		</Unit>
		<Unit filename="linalg/scalar_prod_r_bi.c">
			<Option compilerVar="CC" />
			<Option target="&lt;{~None~}&gt;" />
		</Unit>
		<Unit filename="linalg/scalar_prod_r_bi.h">
			<Option target="&lt;{~None~}&gt;" />
		</Unit>
		<Unit filename="linalg/square_and_prod_r.c">
			<Option compilerVar="CC" />
			<Option target="&lt;{~None~}&gt;" />
		</Unit>
		<Unit filename="linalg/square_and_prod_r.h">
			<Option target="&lt;{~None~}&gt;" />
		</Unit>
		<Unit filename="linalg/square_norm.c">
			<Option compilerVar="CC" />
			<Option target="&lt;{~None~}&gt;" />
		</Unit>
		<Unit filename="linalg/square_norm.h">
			<Option target="&lt;{~None~}&gt;" />
		</Unit>
		<Unit filename="linalg/square_norm_bi.c">
			<Option compilerVar="CC" />
			<Option target="&lt;{~None~}&gt;" />
		</Unit>
		<Unit filename="linalg/square_norm_bi.h">
			<Option target="&lt;{~None~}&gt;" />
		</Unit>
		<Unit filename="linalg_eo.h">
			<Option target="&lt;{~None~}&gt;" />
		</Unit>
		<Unit filename="linsolve.c">
			<Option compilerVar="CC" />
			<Option target="&lt;{~None~}&gt;" />
		</Unit>
		<Unit filename="linsolve.h">
			<Option target="&lt;{~None~}&gt;" />
		</Unit>
		<Unit filename="little_D.c">
			<Option compilerVar="CC" />
			<Option target="&lt;{~None~}&gt;" />
		</Unit>
		<Unit filename="little_D.h">
			<Option target="&lt;{~None~}&gt;" />
		</Unit>
		<Unit filename="max_eigenvalues_bi.c">
			<Option compilerVar="CC" />
			<Option target="&lt;{~None~}&gt;" />
		</Unit>
		<Unit filename="max_eigenvalues_bi.h">
			<Option target="&lt;{~None~}&gt;" />
		</Unit>
		<Unit filename="measure_rectangles.c">
			<Option compilerVar="CC" />
			<Option target="&lt;{~None~}&gt;" />
		</Unit>
		<Unit filename="measure_rectangles.h">
			<Option target="&lt;{~None~}&gt;" />
		</Unit>
		<Unit filename="measurements.c">
			<Option compilerVar="CC" />
			<Option target="&lt;{~None~}&gt;" />
		</Unit>
		<Unit filename="measurements.h">
			<Option target="&lt;{~None~}&gt;" />
		</Unit>
		<Unit filename="memusage.c">
			<Option compilerVar="CC" />
			<Option target="&lt;{~None~}&gt;" />
		</Unit>
		<Unit filename="memusage.h">
			<Option target="&lt;{~None~}&gt;" />
		</Unit>
		<Unit filename="monomial.c">
			<Option compilerVar="CC" />
			<Option target="&lt;{~None~}&gt;" />
		</Unit>
		<Unit filename="monomial.h">
			<Option target="&lt;{~None~}&gt;" />
		</Unit>
		<Unit filename="mpi_init.c">
			<Option compilerVar="CC" />
			<Option target="&lt;{~None~}&gt;" />
		</Unit>
		<Unit filename="mpi_init.h">
			<Option target="&lt;{~None~}&gt;" />
		</Unit>
		<Unit filename="mypapi.c">
			<Option compilerVar="CC" />
		</Unit>
		<Unit filename="mypapi.h" />
		<Unit filename="nddetratio_monomial.c">
			<Option compilerVar="CC" />
			<Option target="&lt;{~None~}&gt;" />
		</Unit>
		<Unit filename="nddetratio_monomial.h">
			<Option target="&lt;{~None~}&gt;" />
		</Unit>
		<Unit filename="ndpoly_monomial.c">
			<Option compilerVar="CC" />
			<Option target="&lt;{~None~}&gt;" />
		</Unit>
		<Unit filename="ndpoly_monomial.h">
			<Option target="&lt;{~None~}&gt;" />
		</Unit>
		<Unit filename="observables.c">
			<Option compilerVar="CC" />
			<Option target="&lt;{~None~}&gt;" />
		</Unit>
		<Unit filename="observables.h">
			<Option target="&lt;{~None~}&gt;" />
		</Unit>
		<Unit filename="online_measurement.c">
			<Option compilerVar="CC" />
			<Option target="&lt;{~None~}&gt;" />
		</Unit>
		<Unit filename="online_measurement.h">
			<Option target="&lt;{~None~}&gt;" />
		</Unit>
		<Unit filename="operator.c">
			<Option compilerVar="CC" />
			<Option target="&lt;{~None~}&gt;" />
		</Unit>
		<Unit filename="operator.h">
			<Option target="&lt;{~None~}&gt;" />
		</Unit>
		<Unit filename="operator/halfspinor_bg_dbl.c">
			<Option compilerVar="CC" />
			<Option target="&lt;{~None~}&gt;" />
		</Unit>
		<Unit filename="operator/halfspinor_dbl.c">
			<Option compilerVar="CC" />
			<Option target="&lt;{~None~}&gt;" />
		</Unit>
		<Unit filename="operator/halfspinor_sse_dbl.c">
			<Option compilerVar="CC" />
			<Option target="&lt;{~None~}&gt;" />
		</Unit>
		<Unit filename="operator/hopping_bg_dbl.c">
			<Option compilerVar="CC" />
			<Option target="&lt;{~None~}&gt;" />
		</Unit>
		<Unit filename="operator/hopping_dbl.c">
			<Option compilerVar="CC" />
			<Option target="&lt;{~None~}&gt;" />
		</Unit>
		<Unit filename="operator/hopping_sgl.c">
			<Option compilerVar="CC" />
			<Option target="&lt;{~None~}&gt;" />
		</Unit>
		<Unit filename="operator/hopping_sse_dbl.c">
			<Option compilerVar="CC" />
			<Option target="&lt;{~None~}&gt;" />
		</Unit>
		<Unit filename="operator/hopping_sse_sgl.c">
			<Option compilerVar="CC" />
			<Option target="&lt;{~None~}&gt;" />
		</Unit>
		<Unit filename="overrelaxation.c">
			<Option compilerVar="CC" />
			<Option target="&lt;{~None~}&gt;" />
		</Unit>
		<Unit filename="overrelaxation.h">
			<Option target="&lt;{~None~}&gt;" />
		</Unit>
		<Unit filename="parallel_io.h">
			<Option target="&lt;{~None~}&gt;" />
		</Unit>
		<Unit filename="phmc.c">
			<Option compilerVar="CC" />
			<Option target="&lt;{~None~}&gt;" />
		</Unit>
		<Unit filename="phmc.h">
			<Option target="&lt;{~None~}&gt;" />
		</Unit>
		<Unit filename="pion_norm.c">
			<Option compilerVar="CC" />
			<Option target="&lt;{~None~}&gt;" />
		</Unit>
		<Unit filename="pion_norm.h">
			<Option target="&lt;{~None~}&gt;" />
		</Unit>
		<Unit filename="poly_monomial.c">
			<Option compilerVar="CC" />
			<Option target="&lt;{~None~}&gt;" />
		</Unit>
		<Unit filename="poly_monomial.h">
			<Option target="&lt;{~None~}&gt;" />
		</Unit>
		<Unit filename="polyakov_loop.c">
			<Option compilerVar="CC" />
			<Option target="&lt;{~None~}&gt;" />
		</Unit>
		<Unit filename="polyakov_loop.h">
			<Option target="&lt;{~None~}&gt;" />
		</Unit>
		<Unit filename="prepare_source.c">
			<Option compilerVar="CC" />
			<Option target="&lt;{~None~}&gt;" />
		</Unit>
		<Unit filename="prepare_source.h">
			<Option target="&lt;{~None~}&gt;" />
		</Unit>
		<Unit filename="ranlxd.c">
			<Option compilerVar="CC" />
			<Option target="&lt;{~None~}&gt;" />
		</Unit>
		<Unit filename="ranlxd.h">
			<Option target="&lt;{~None~}&gt;" />
		</Unit>
		<Unit filename="ranlxs.c">
			<Option compilerVar="CC" />
			<Option target="&lt;{~None~}&gt;" />
		</Unit>
		<Unit filename="ranlxs.h">
			<Option target="&lt;{~None~}&gt;" />
		</Unit>
		<Unit filename="read_input.c">
			<Option compilerVar="CC" />
			<Option target="&lt;{~None~}&gt;" />
		</Unit>
		<Unit filename="read_input.h">
			<Option target="&lt;{~None~}&gt;" />
		</Unit>
		<Unit filename="read_input.l" />
		<Unit filename="reducenoise.c">
			<Option compilerVar="CC" />
			<Option target="&lt;{~None~}&gt;" />
		</Unit>
		<Unit filename="reweighting_factor.c">
			<Option compilerVar="CC" />
			<Option target="&lt;{~None~}&gt;" />
		</Unit>
		<Unit filename="reweighting_factor.h">
			<Option target="&lt;{~None~}&gt;" />
		</Unit>
		<Unit filename="reweighting_factor_nd.c">
			<Option compilerVar="CC" />
			<Option target="&lt;{~None~}&gt;" />
		</Unit>
		<Unit filename="reweighting_factor_nd.h">
			<Option target="&lt;{~None~}&gt;" />
		</Unit>
		<Unit filename="sample-input/chebyRoot.H">
			<Option target="&lt;{~None~}&gt;" />
		</Unit>
		<Unit filename="sf_calc_action.c">
			<Option compilerVar="CC" />
			<Option target="&lt;{~None~}&gt;" />
		</Unit>
		<Unit filename="sf_calc_action.h">
			<Option target="&lt;{~None~}&gt;" />
		</Unit>
		<Unit filename="sf_gauge_monomial.c">
			<Option compilerVar="CC" />
			<Option target="&lt;{~None~}&gt;" />
		</Unit>
		<Unit filename="sf_gauge_monomial.h">
			<Option target="&lt;{~None~}&gt;" />
		</Unit>
		<Unit filename="sf_get_rectangle_staples.c">
			<Option compilerVar="CC" />
			<Option target="&lt;{~None~}&gt;" />
		</Unit>
		<Unit filename="sf_get_rectangle_staples.h">
			<Option target="&lt;{~None~}&gt;" />
		</Unit>
		<Unit filename="sf_get_staples.c">
			<Option compilerVar="CC" />
			<Option target="&lt;{~None~}&gt;" />
		</Unit>
		<Unit filename="sf_get_staples.h">
			<Option target="&lt;{~None~}&gt;" />
		</Unit>
		<Unit filename="sf_observables.c">
			<Option compilerVar="CC" />
			<Option target="&lt;{~None~}&gt;" />
		</Unit>
		<Unit filename="sf_observables.h">
			<Option target="&lt;{~None~}&gt;" />
		</Unit>
		<Unit filename="sf_utils.c">
			<Option compilerVar="CC" />
			<Option target="&lt;{~None~}&gt;" />
		</Unit>
		<Unit filename="sf_utils.h">
			<Option target="&lt;{~None~}&gt;" />
		</Unit>
		<Unit filename="sighandler.c">
			<Option compilerVar="CC" />
			<Option target="&lt;{~None~}&gt;" />
		</Unit>
		<Unit filename="sighandler.h">
			<Option target="&lt;{~None~}&gt;" />
		</Unit>
		<Unit filename="single2double.c">
			<Option compilerVar="CC" />
			<Option target="&lt;{~None~}&gt;" />
		</Unit>
		<Unit filename="solver/Msap.c">
			<Option compilerVar="CC" />
			<Option target="&lt;{~None~}&gt;" />
		</Unit>
		<Unit filename="solver/Msap.h">
			<Option target="&lt;{~None~}&gt;" />
		</Unit>
		<Unit filename="solver/bicgstab2.c">
			<Option compilerVar="CC" />
			<Option target="&lt;{~None~}&gt;" />
		</Unit>
		<Unit filename="solver/bicgstab2.h">
			<Option target="&lt;{~None~}&gt;" />
		</Unit>
		<Unit filename="solver/bicgstab_complex.c">
			<Option compilerVar="CC" />
			<Option target="&lt;{~None~}&gt;" />
		</Unit>
		<Unit filename="solver/bicgstab_complex.h">
			<Option target="&lt;{~None~}&gt;" />
		</Unit>
		<Unit filename="solver/bicgstab_complex_bi.c">
			<Option compilerVar="CC" />
			<Option target="&lt;{~None~}&gt;" />
		</Unit>
		<Unit filename="solver/bicgstab_complex_bi.h">
			<Option target="&lt;{~None~}&gt;" />
		</Unit>
		<Unit filename="solver/bicgstabell.c">
			<Option compilerVar="CC" />
			<Option target="&lt;{~None~}&gt;" />
		</Unit>
		<Unit filename="solver/bicgstabell.h">
			<Option target="&lt;{~None~}&gt;" />
		</Unit>
		<Unit filename="solver/cg_her.c">
			<Option compilerVar="CC" />
			<Option target="&lt;{~None~}&gt;" />
		</Unit>
		<Unit filename="solver/cg_her.h">
			<Option target="&lt;{~None~}&gt;" />
		</Unit>
		<Unit filename="solver/cg_her_bi.c">
			<Option compilerVar="CC" />
			<Option target="&lt;{~None~}&gt;" />
		</Unit>
		<Unit filename="solver/cg_her_bi.h">
			<Option target="&lt;{~None~}&gt;" />
		</Unit>
		<Unit filename="solver/cg_her_nd.c">
			<Option compilerVar="CC" />
			<Option target="&lt;{~None~}&gt;" />
		</Unit>
		<Unit filename="solver/cg_her_nd.h">
			<Option target="&lt;{~None~}&gt;" />
		</Unit>
		<Unit filename="solver/cg_mms_tm.c">
			<Option compilerVar="CC" />
			<Option target="&lt;{~None~}&gt;" />
		</Unit>
		<Unit filename="solver/cg_mms_tm.h">
			<Option target="&lt;{~None~}&gt;" />
		</Unit>
		<Unit filename="solver/cgs_real.c">
			<Option compilerVar="CC" />
			<Option target="&lt;{~None~}&gt;" />
		</Unit>
		<Unit filename="solver/cgs_real.h">
			<Option target="&lt;{~None~}&gt;" />
		</Unit>
		<Unit filename="solver/chrono_guess.c">
			<Option compilerVar="CC" />
			<Option target="&lt;{~None~}&gt;" />
		</Unit>
		<Unit filename="solver/chrono_guess.h">
			<Option target="&lt;{~None~}&gt;" />
		</Unit>
		<Unit filename="solver/dfl_projector.c">
			<Option compilerVar="CC" />
			<Option target="&lt;{~None~}&gt;" />
		</Unit>
		<Unit filename="solver/dfl_projector.h">
			<Option target="&lt;{~None~}&gt;" />
		</Unit>
		<Unit filename="solver/diagonalise_general_matrix.c">
			<Option compilerVar="CC" />
			<Option target="&lt;{~None~}&gt;" />
		</Unit>
		<Unit filename="solver/diagonalise_general_matrix.h">
			<Option target="&lt;{~None~}&gt;" />
		</Unit>
		<Unit filename="solver/eigenvalues.c">
			<Option compilerVar="CC" />
			<Option target="&lt;{~None~}&gt;" />
		</Unit>
		<Unit filename="solver/eigenvalues.h">
			<Option target="&lt;{~None~}&gt;" />
		</Unit>
		<Unit filename="solver/fgmres.c">
			<Option compilerVar="CC" />
			<Option target="&lt;{~None~}&gt;" />
		</Unit>
		<Unit filename="solver/fgmres.h">
			<Option target="&lt;{~None~}&gt;" />
		</Unit>
		<Unit filename="solver/gcr.c">
			<Option compilerVar="CC" />
			<Option target="&lt;{~None~}&gt;" />
		</Unit>
		<Unit filename="solver/gcr.h">
			<Option target="&lt;{~None~}&gt;" />
		</Unit>
		<Unit filename="solver/gcr4complex.c">
			<Option compilerVar="CC" />
			<Option target="&lt;{~None~}&gt;" />
		</Unit>
		<Unit filename="solver/gcr4complex.h">
			<Option target="&lt;{~None~}&gt;" />
		</Unit>
		<Unit filename="solver/generate_dfl_subspace.c">
			<Option compilerVar="CC" />
			<Option target="&lt;{~None~}&gt;" />
		</Unit>
		<Unit filename="solver/generate_dfl_subspace.h">
			<Option target="&lt;{~None~}&gt;" />
		</Unit>
		<Unit filename="solver/gggcr.c">
			<Option compilerVar="CC" />
			<Option target="&lt;{~None~}&gt;" />
		</Unit>
		<Unit filename="solver/gmres.c">
			<Option compilerVar="CC" />
			<Option target="&lt;{~None~}&gt;" />
		</Unit>
		<Unit filename="solver/gmres.h">
			<Option target="&lt;{~None~}&gt;" />
		</Unit>
		<Unit filename="solver/gmres_dr.c">
			<Option compilerVar="CC" />
			<Option target="&lt;{~None~}&gt;" />
		</Unit>
		<Unit filename="solver/gmres_dr.h">
			<Option target="&lt;{~None~}&gt;" />
		</Unit>
		<Unit filename="solver/gmres_precon.c">
			<Option compilerVar="CC" />
			<Option target="&lt;{~None~}&gt;" />
		</Unit>
		<Unit filename="solver/gmres_precon.h">
			<Option target="&lt;{~None~}&gt;" />
		</Unit>
		<Unit filename="solver/gram-schmidt.c">
			<Option compilerVar="CC" />
			<Option target="&lt;{~None~}&gt;" />
		</Unit>
		<Unit filename="solver/gram-schmidt.h">
			<Option target="&lt;{~None~}&gt;" />
		</Unit>
		<Unit filename="solver/gram-schmidt_bi.c">
			<Option compilerVar="CC" />
			<Option target="&lt;{~None~}&gt;" />
		</Unit>
		<Unit filename="solver/gram-schmidt_bi.h">
			<Option target="&lt;{~None~}&gt;" />
		</Unit>
		<Unit filename="solver/jdher.c">
			<Option compilerVar="CC" />
			<Option target="&lt;{~None~}&gt;" />
		</Unit>
		<Unit filename="solver/jdher.h">
			<Option target="&lt;{~None~}&gt;" />
		</Unit>
		<Unit filename="solver/jdher_bi.c">
			<Option compilerVar="CC" />
			<Option target="&lt;{~None~}&gt;" />
		</Unit>
		<Unit filename="solver/jdher_bi.h">
			<Option target="&lt;{~None~}&gt;" />
		</Unit>
		<Unit filename="solver/lu_solve.c">
			<Option compilerVar="CC" />
			<Option target="&lt;{~None~}&gt;" />
		</Unit>
		<Unit filename="solver/lu_solve.h">
			<Option target="&lt;{~None~}&gt;" />
		</Unit>
		<Unit filename="solver/matrix_mult_typedef.h">
			<Option target="&lt;{~None~}&gt;" />
		</Unit>
		<Unit filename="solver/matrix_mult_typedef_bi.h">
			<Option target="&lt;{~None~}&gt;" />
		</Unit>
		<Unit filename="solver/matrix_mult_typedef_nd.h">
			<Option target="&lt;{~None~}&gt;" />
		</Unit>
		<Unit filename="solver/mixed_cg_her.c">
			<Option compilerVar="CC" />
			<Option target="&lt;{~None~}&gt;" />
		</Unit>
		<Unit filename="solver/mixed_cg_her.h">
			<Option target="&lt;{~None~}&gt;" />
		</Unit>
		<Unit filename="solver/mr.c">
			<Option compilerVar="CC" />
			<Option target="&lt;{~None~}&gt;" />
		</Unit>
		<Unit filename="solver/mr.h">
			<Option target="&lt;{~None~}&gt;" />
		</Unit>
		<Unit filename="solver/pcg_her.c">
			<Option compilerVar="CC" />
			<Option target="&lt;{~None~}&gt;" />
		</Unit>
		<Unit filename="solver/pcg_her.h">
			<Option target="&lt;{~None~}&gt;" />
		</Unit>
		<Unit filename="solver/pjdher_bi.c">
			<Option compilerVar="CC" />
			<Option target="&lt;{~None~}&gt;" />
		</Unit>
		<Unit filename="solver/pjdher_bi.h">
			<Option target="&lt;{~None~}&gt;" />
		</Unit>
		<Unit filename="solver/poly_precon.c">
			<Option compilerVar="CC" />
			<Option target="&lt;{~None~}&gt;" />
		</Unit>
		<Unit filename="solver/poly_precon.h">
			<Option target="&lt;{~None~}&gt;" />
		</Unit>
		<Unit filename="solver/quicksort.c">
			<Option compilerVar="CC" />
			<Option target="&lt;{~None~}&gt;" />
		</Unit>
		<Unit filename="solver/quicksort.h">
			<Option target="&lt;{~None~}&gt;" />
		</Unit>
		<Unit filename="solver/solver.h">
			<Option target="&lt;{~None~}&gt;" />
		</Unit>
		<Unit filename="solver/solver_field.c">
			<Option compilerVar="CC" />
			<Option target="&lt;{~None~}&gt;" />
		</Unit>
		<Unit filename="solver/solver_field.h">
			<Option target="&lt;{~None~}&gt;" />
		</Unit>
		<Unit filename="solver/sub_low_ev.c">
			<Option compilerVar="CC" />
			<Option target="&lt;{~None~}&gt;" />
		</Unit>
		<Unit filename="solver/sub_low_ev.h">
			<Option target="&lt;{~None~}&gt;" />
		</Unit>
		<Unit filename="solver/sumr.c">
			<Option compilerVar="CC" />
			<Option target="&lt;{~None~}&gt;" />
		</Unit>
		<Unit filename="solver/sumr.h">
			<Option target="&lt;{~None~}&gt;" />
		</Unit>
		<Unit filename="source_generation.c">
			<Option compilerVar="CC" />
			<Option target="&lt;{~None~}&gt;" />
		</Unit>
		<Unit filename="source_generation.h">
			<Option target="&lt;{~None~}&gt;" />
		</Unit>
		<Unit filename="sse.h">
			<Option target="&lt;{~None~}&gt;" />
		</Unit>
		<Unit filename="sse3.h">
			<Option target="&lt;{~None~}&gt;" />
		</Unit>
		<Unit filename="sse_32.h">
			<Option target="&lt;{~None~}&gt;" />
		</Unit>
		<Unit filename="start.c">
			<Option compilerVar="CC" />
			<Option target="&lt;{~None~}&gt;" />
		</Unit>
		<Unit filename="start.h">
			<Option target="&lt;{~None~}&gt;" />
		</Unit>
		<Unit filename="stout_smear.c">
			<Option compilerVar="CC" />
			<Option target="&lt;{~None~}&gt;" />
		</Unit>
		<Unit filename="stout_smear.h">
			<Option target="&lt;{~None~}&gt;" />
		</Unit>
		<Unit filename="stout_smear_force.c">
			<Option compilerVar="CC" />
			<Option target="&lt;{~None~}&gt;" />
		</Unit>
		<Unit filename="stout_smear_force.h">
			<Option target="&lt;{~None~}&gt;" />
		</Unit>
		<Unit filename="su3.h">
			<Option target="&lt;{~None~}&gt;" />
		</Unit>
		<Unit filename="su3adj.h">
			<Option target="&lt;{~None~}&gt;" />
		</Unit>
		<Unit filename="su3spinor.h">
			<Option target="&lt;{~None~}&gt;" />
		</Unit>
		<Unit filename="test/check_geometry.c">
			<Option compilerVar="CC" />
			<Option target="&lt;{~None~}&gt;" />
		</Unit>
		<Unit filename="test/check_geometry.h">
			<Option target="&lt;{~None~}&gt;" />
		</Unit>
		<Unit filename="test/check_nan.c">
			<Option compilerVar="CC" />
			<Option target="&lt;{~None~}&gt;" />
		</Unit>
		<Unit filename="test/check_nan.h">
			<Option target="&lt;{~None~}&gt;" />
		</Unit>
		<Unit filename="test/check_overlap.c">
			<Option compilerVar="CC" />
			<Option target="&lt;{~None~}&gt;" />
		</Unit>
		<Unit filename="test/check_xchange.c">
			<Option compilerVar="CC" />
			<Option target="&lt;{~None~}&gt;" />
		</Unit>
		<Unit filename="test/hybrid_update.debug.c">
			<Option compilerVar="CC" />
			<Option target="&lt;{~None~}&gt;" />
		</Unit>
		<Unit filename="test/measure_rectangles.debug.c">
			<Option compilerVar="CC" />
			<Option target="&lt;{~None~}&gt;" />
		</Unit>
		<Unit filename="test/overlaptests.c">
			<Option compilerVar="CC" />
			<Option target="&lt;{~None~}&gt;" />
		</Unit>
		<Unit filename="test/overlaptests.h">
			<Option target="&lt;{~None~}&gt;" />
		</Unit>
		<Unit filename="test/qdran64.h">
			<Option target="&lt;{~None~}&gt;" />
		</Unit>
		<Unit filename="test/scalar_prod_r_test.c">
			<Option compilerVar="CC" />
			<Option target="&lt;{~None~}&gt;" />
		</Unit>
		<Unit filename="test/test_eigenvalues.c">
			<Option compilerVar="CC" />
			<Option target="&lt;{~None~}&gt;" />
		</Unit>
		<Unit filename="test_lemon.c">
			<Option compilerVar="CC" />
			<Option target="&lt;{~None~}&gt;" />
		</Unit>
		<Unit filename="tm_operators.c">
			<Option compilerVar="CC" />
			<Option target="&lt;{~None~}&gt;" />
		</Unit>
		<Unit filename="tm_operators.h">
			<Option target="&lt;{~None~}&gt;" />
		</Unit>
		<Unit filename="tran.c">
			<Option compilerVar="CC" />
			<Option target="&lt;{~None~}&gt;" />
		</Unit>
		<Unit filename="update_backward_gauge.c">
			<Option compilerVar="CC" />
			<Option target="&lt;{~None~}&gt;" />
		</Unit>
		<Unit filename="update_backward_gauge.h">
			<Option target="&lt;{~None~}&gt;" />
		</Unit>
		<Unit filename="update_momenta.c">
			<Option compilerVar="CC" />
			<Option target="&lt;{~None~}&gt;" />
		</Unit>
		<Unit filename="update_momenta.h">
			<Option target="&lt;{~None~}&gt;" />
		</Unit>
		<Unit filename="update_tm.c">
			<Option compilerVar="CC" />
			<Option target="&lt;{~None~}&gt;" />
		</Unit>
		<Unit filename="update_tm.h">
			<Option target="&lt;{~None~}&gt;" />
		</Unit>
		<Unit filename="util/io.c">
			<Option compilerVar="CC" />
			<Option target="&lt;{~None~}&gt;" />
		</Unit>
		<Unit filename="util/io.h">
			<Option target="&lt;{~None~}&gt;" />
		</Unit>
		<Unit filename="util/laguer/chebyRoot.C">
			<Option compilerVar="CC" />
			<Option target="&lt;{~None~}&gt;" />
		</Unit>
		<Unit filename="util/laguer/chebyRoot.H">
			<Option target="&lt;{~None~}&gt;" />
		</Unit>
		<Unit filename="util/laguer/laguer.c">
			<Option compilerVar="CC" />
			<Option target="&lt;{~None~}&gt;" />
		</Unit>
		<Unit filename="util/laguer/quadroptRoot.C">
			<Option compilerVar="CC" />
			<Option target="&lt;{~None~}&gt;" />
		</Unit>
		<Unit filename="util/main_ildg2uk.c">
			<Option compilerVar="CC" />
			<Option target="&lt;{~None~}&gt;" />
		</Unit>
		<Unit filename="util/oox/oox.c">
			<Option compilerVar="CC" />
			<Option target="&lt;{~None~}&gt;" />
		</Unit>
		<Unit filename="util/oox/oox_gawrapper.cxx">
			<Option target="&lt;{~None~}&gt;" />
		</Unit>
		<Unit filename="util/oox/oox_gawrapper.h">
			<Option target="&lt;{~None~}&gt;" />
		</Unit>
		<Unit filename="util/swapendian.c">
			<Option compilerVar="CC" />
			<Option target="&lt;{~None~}&gt;" />
		</Unit>
		<Unit filename="xchange.h">
			<Option target="&lt;{~None~}&gt;" />
		</Unit>
		<Unit filename="xchange_2fields.c">
			<Option compilerVar="CC" />
			<Option target="&lt;{~None~}&gt;" />
		</Unit>
		<Unit filename="xchange_2fields.h">
			<Option target="&lt;{~None~}&gt;" />
		</Unit>
		<Unit filename="xchange_deri.c">
			<Option compilerVar="CC" />
			<Option target="&lt;{~None~}&gt;" />
		</Unit>
		<Unit filename="xchange_deri.h">
			<Option target="&lt;{~None~}&gt;" />
		</Unit>
		<Unit filename="xchange_field.c">
			<Option compilerVar="CC" />
			<Option target="&lt;{~None~}&gt;" />
		</Unit>
		<Unit filename="xchange_field.h">
			<Option target="&lt;{~None~}&gt;" />
		</Unit>
		<Unit filename="xchange_field_tslice.c">
			<Option compilerVar="CC" />
			<Option target="&lt;{~None~}&gt;" />
		</Unit>
		<Unit filename="xchange_field_tslice.h">
			<Option target="&lt;{~None~}&gt;" />
		</Unit>
		<Unit filename="xchange_gauge.c">
			<Option compilerVar="CC" />
			<Option target="&lt;{~None~}&gt;" />
		</Unit>
		<Unit filename="xchange_gauge.h">
			<Option target="&lt;{~None~}&gt;" />
		</Unit>
		<Unit filename="xchange_halffield.c">
			<Option compilerVar="CC" />
			<Option target="&lt;{~None~}&gt;" />
		</Unit>
		<Unit filename="xchange_halffield.h">
			<Option target="&lt;{~None~}&gt;" />
		</Unit>
		<Unit filename="xchange_lexicfield.c">
			<Option compilerVar="CC" />
			<Option target="&lt;{~None~}&gt;" />
		</Unit>
		<Unit filename="xchange_lexicfield.h">
			<Option target="&lt;{~None~}&gt;" />
		</Unit>
		<Unit filename="xlc_prefetch.h">
			<Option target="&lt;{~None~}&gt;" />
		</Unit>
		<Extensions>
			<code_completion />
			<envvars />
			<debugger />
			<DoxyBlocks>
				<comment_style block="0" line="0" />
				<doxyfile_project />
				<doxyfile_build />
				<doxyfile_warnings />
				<doxyfile_output />
				<doxyfile_dot />
				<general />
			</DoxyBlocks>
		</Extensions>
	</Project>
</CodeBlocks_project_file>
